
Microsoft Visual Studio Solution File, Format Version 12.00
# Visual Studio 15
VisualStudioVersion = 15.0.26430.12
MinimumVisualStudioVersion = 10.0.40219.1
Project("{FAE04EC0-301F-11D3-BF4B-00C04F79EFBC}") = "Declare Variables", "ConsoleApp1\Declare Variables.csproj", "{04595628-E0DF-4ECC-A8C1-8817C97F72B3}"
EndProject
Project("{FAE04EC0-301F-11D3-BF4B-00C04F79EFBC}") = "Float or Double", "Float or Double\Float or Double.csproj", "{F9C013E5-049E-4E3E-A108-68DF42F6636F}"
EndProject
Project("{FAE04EC0-301F-11D3-BF4B-00C04F79EFBC}") = "Variable in Hexadecimal Format", "Variable in Hexadecimal Format\Variable in Hexadecimal Format.csproj", "{9BEB8FA1-9D8C-4617-B5B2-06BCCD7CD889}"
EndProject
Project("{FAE04EC0-301F-11D3-BF4B-00C04F79EFBC}") = "Unicode Character", "Unicode Character\Unicode Character.csproj", "{F62BBC98-57EB-4DC4-8BB7-D4CD61FCBD45}"
EndProject
Project("{FAE04EC0-301F-11D3-BF4B-00C04F79EFBC}") = "Boolean Variable", "Boolean Variable\Boolean Variable.csproj", "{6E785A9B-6675-4EAE-B93F-ADD20FD0A345}"
EndProject
Project("{FAE04EC0-301F-11D3-BF4B-00C04F79EFBC}") = "Strings and Objects", "Strings and Objects\Strings and Objects.csproj", "{4D73E6F0-7D4F-4523-A2CC-A88562A3AD98}"
EndProject
Project("{FAE04EC0-301F-11D3-BF4B-00C04F79EFBC}") = "Quotes in Strings", "Quotes in Strings\Quotes in Strings.csproj", "{DF42F3E3-0928-4924-8ACF-D6FA1F1D0DEF}"
EndProject
Project("{FAE04EC0-301F-11D3-BF4B-00C04F79EFBC}") = "Isosceles Triangle", "Isosceles Triangle\Isosceles Triangle.csproj", "{74574EE6-8B4B-4236-BAC2-04678E33A7CF}"
EndProject
Project("{FAE04EC0-301F-11D3-BF4B-00C04F79EFBC}") = "Exchange Variable Values", "Exchange Variable Values\Exchange Variable Values.csproj", "{9350E9BB-B341-4758-9273-FB305CE74C97}"
EndProject
Project("{FAE04EC0-301F-11D3-BF4B-00C04F79EFBC}") = "Employee Data", "Employee Data\Employee Data.csproj", "{BE35C236-F4F4-4271-9AB1-FA75CAC4A20D}"
EndProject
Project("{FAE04EC0-301F-11D3-BF4B-00C04F79EFBC}") = "Bank Account Data", "Bank Account Data\Bank Account Data.csproj", "{4783D2C2-2E88-494B-B0E6-17D50480C359}"
EndProject
Project("{FAE04EC0-301F-11D3-BF4B-00C04F79EFBC}") = "Null Values Arithmetic", "Null Values Arithmetic\Null Values Arithmetic.csproj", "{9BCBFAC6-8209-4FA9-BE89-BF337EDFA28E}"
EndProject
Project("{FAE04EC0-301F-11D3-BF4B-00C04F79EFBC}") = "Comparing Floats", "Comparing Floats\Comparing Floats.csproj", "{41813783-D9E4-41EE-8EBC-E7F296A4C661}"
EndProject
Project("{FAE04EC0-301F-11D3-BF4B-00C04F79EFBC}") = "Print the ASCII Table", "Print the ASCII Table\Print the ASCII Table.csproj", "{985EF86E-4087-4A3D-B6A1-F2A65853D61E}"
EndProject
Project("{FAE04EC0-301F-11D3-BF4B-00C04F79EFBC}") = "OddOrEven", "OddOrEven\OddOrEven.csproj", "{08981FCA-5433-4C39-BAF7-CC7017504888}"
EndProject
Project("{FAE04EC0-301F-11D3-BF4B-00C04F79EFBC}") = "MoonGravity", "MoonGravity\MoonGravity.csproj", "{9F7967F7-6518-411A-8768-E8A47C274631}"
EndProject
Project("{FAE04EC0-301F-11D3-BF4B-00C04F79EFBC}") = "TrainingBitsOperation", "TrainingBitsOperation\TrainingBitsOperation.csproj", "{5998042C-BB12-4BC7-908D-2958AD03709C}"
EndProject
Project("{FAE04EC0-301F-11D3-BF4B-00C04F79EFBC}") = "DivideBy7And5", "Divide by 7 and 5\DivideBy7And5.csproj", "{6479147D-F017-4BFD-9112-18D04D914F01}"
EndProject
Project("{FAE04EC0-301F-11D3-BF4B-00C04F79EFBC}") = "Rectangles", "Rectangles\Rectangles.csproj", "{4AA2E5B4-52B7-4634-81D9-6894FD561462}"
EndProject
Project("{FAE04EC0-301F-11D3-BF4B-00C04F79EFBC}") = "ThirdDigit", "ThirdDigit\ThirdDigit.csproj", "{2AAE549A-30EC-44CF-B3D7-892612BB629F}"
EndProject
Project("{FAE04EC0-301F-11D3-BF4B-00C04F79EFBC}") = "FourDigits", "FourDigits\FourDigits.csproj", "{E3F42A34-55FB-4AC3-9FB8-49D42699518E}"
EndProject
Project("{FAE04EC0-301F-11D3-BF4B-00C04F79EFBC}") = "PointInACircle", "PointInACircle\PointInACircle.csproj", "{72291BAA-038B-44A7-94D8-F4527EBECD1A}"
EndProject
Project("{FAE04EC0-301F-11D3-BF4B-00C04F79EFBC}") = "PrimeCheck", "PrimeCheck\PrimeCheck.csproj", "{3808ECFC-6480-43F1-9E76-1479F9FE5A8F}"
EndProject
Project("{FAE04EC0-301F-11D3-BF4B-00C04F79EFBC}") = "Trapezoids", "Trapezoids\Trapezoids.csproj", "{A1D3AA2F-1D51-4F0B-A464-9898391C2E0B}"
EndProject
Project("{FAE04EC0-301F-11D3-BF4B-00C04F79EFBC}") = "PointCircleRectangle", "PointCircleRectangle\PointCircleRectangle.csproj", "{DF3E535B-B0D0-4AF8-BEA1-C2EBDEDB7F0D}"
EndProject
Project("{FAE04EC0-301F-11D3-BF4B-00C04F79EFBC}") = "3rdBit", "3rdBit\3rdBit.csproj", "{B7FBE25D-02C0-42F5-B5E0-6C0783CEB49F}"
EndProject
Project("{FAE04EC0-301F-11D3-BF4B-00C04F79EFBC}") = "NthBit", "NthBit\NthBit.csproj", "{DA97D559-1694-4754-B1A6-47CA5AABE0ED}"
EndProject
Project("{FAE04EC0-301F-11D3-BF4B-00C04F79EFBC}") = "ModifyBit", "ModifyBit\ModifyBit.csproj", "{E88E6978-CA65-4917-BBBE-EE9A48FACF58}"
EndProject
Project("{FAE04EC0-301F-11D3-BF4B-00C04F79EFBC}") = "BitExchange", "BitExchange\BitExchange.csproj", "{82794D80-C281-4DEA-B496-85188857493F}"
EndProject
Project("{FAE04EC0-301F-11D3-BF4B-00C04F79EFBC}") = "BitSwap", "BitSwap\BitSwap.csproj", "{2A2E8B43-DAC0-4966-BC71-AD1384EFAD0F}"
EndProject
Project("{FAE04EC0-301F-11D3-BF4B-00C04F79EFBC}") = "SumOf3Numbers", "SumOf3Numbers\SumOf3Numbers.csproj", "{C8FED286-9E04-4ECC-AD08-76B10D7F87FA}"
EndProject
Project("{FAE04EC0-301F-11D3-BF4B-00C04F79EFBC}") = "CompanyInfo", "CompanyInfo\CompanyInfo.csproj", "{A484AE58-3B24-4872-9CC5-4135798B62FE}"
EndProject
Project("{FAE04EC0-301F-11D3-BF4B-00C04F79EFBC}") = "Circle", "Circle\Circle.csproj", "{19D42DBC-C780-43D7-B8B7-5A7CA1BE3D01}"
EndProject
Project("{FAE04EC0-301F-11D3-BF4B-00C04F79EFBC}") = "FormattingNumbers", "FormattingNumbers\FormattingNumbers.csproj", "{54C4E737-6A19-4D53-85C8-ABCBDC728D8F}"
EndProject
Project("{FAE04EC0-301F-11D3-BF4B-00C04F79EFBC}") = "NumberComparer", "NumberComparer\NumberComparer.csproj", "{B6B1C695-8E7E-4551-926E-851D03C64939}"
EndProject
Project("{FAE04EC0-301F-11D3-BF4B-00C04F79EFBC}") = "QuadraticEquation", "QuadraticEquation\QuadraticEquation.csproj", "{0DA8D775-0367-4132-8913-54A978C73B58}"
EndProject
Project("{FAE04EC0-301F-11D3-BF4B-00C04F79EFBC}") = "SumOf5Numbers", "SumOf5Numbers\SumOf5Numbers.csproj", "{CB6258EF-1B34-4000-956D-310825E05236}"
EndProject
Project("{FAE04EC0-301F-11D3-BF4B-00C04F79EFBC}") = "NumbersFrom1ToN", "NumbersFrom1ToN\NumbersFrom1ToN.csproj", "{409A8E61-7E88-4508-AE3C-881C1A2B8D72}"
EndProject
Project("{FAE04EC0-301F-11D3-BF4B-00C04F79EFBC}") = "SumOfNnumbers", "SumOfNnumbers\SumOfNnumbers.csproj", "{AD20F7BA-2E47-4ED2-9279-4DDAC49DBE8D}"
EndProject
Project("{FAE04EC0-301F-11D3-BF4B-00C04F79EFBC}") = "FibonacciNumbers", "FibonacciNumbers\FibonacciNumbers.csproj", "{908F8709-BCCF-44C1-9167-88965F71C39A}"
EndProject
Project("{FAE04EC0-301F-11D3-BF4B-00C04F79EFBC}") = "Interval", "Interval\Interval.csproj", "{AEF12A15-CBB8-496C-AB75-061B538A63E9}"
EndProject
Project("{FAE04EC0-301F-11D3-BF4B-00C04F79EFBC}") = "ExchangeNumbers", "ExchangeNumbers\ExchangeNumbers.csproj", "{5CB3AC78-A544-46C7-A4E7-50EE2AF946DE}"
EndProject
Project("{FAE04EC0-301F-11D3-BF4B-00C04F79EFBC}") = "BonusScore", "BonusScore\BonusScore.csproj", "{70AA3BDD-410A-4B6C-BD23-1603E38B1066}"
EndProject
Project("{FAE04EC0-301F-11D3-BF4B-00C04F79EFBC}") = "PlayCard", "PlayCard\PlayCard.csproj", "{98BF5EFD-BD77-4599-AE97-AF57E78987A0}"
EndProject
Global
	GlobalSection(SolutionConfigurationPlatforms) = preSolution
		Debug|Any CPU = Debug|Any CPU
		Release|Any CPU = Release|Any CPU
	EndGlobalSection
	GlobalSection(ProjectConfigurationPlatforms) = postSolution
		{04595628-E0DF-4ECC-A8C1-8817C97F72B3}.Debug|Any CPU.ActiveCfg = Debug|Any CPU
		{04595628-E0DF-4ECC-A8C1-8817C97F72B3}.Debug|Any CPU.Build.0 = Debug|Any CPU
		{04595628-E0DF-4ECC-A8C1-8817C97F72B3}.Release|Any CPU.ActiveCfg = Release|Any CPU
		{04595628-E0DF-4ECC-A8C1-8817C97F72B3}.Release|Any CPU.Build.0 = Release|Any CPU
		{F9C013E5-049E-4E3E-A108-68DF42F6636F}.Debug|Any CPU.ActiveCfg = Debug|Any CPU
		{F9C013E5-049E-4E3E-A108-68DF42F6636F}.Debug|Any CPU.Build.0 = Debug|Any CPU
		{F9C013E5-049E-4E3E-A108-68DF42F6636F}.Release|Any CPU.ActiveCfg = Release|Any CPU
		{F9C013E5-049E-4E3E-A108-68DF42F6636F}.Release|Any CPU.Build.0 = Release|Any CPU
		{9BEB8FA1-9D8C-4617-B5B2-06BCCD7CD889}.Debug|Any CPU.ActiveCfg = Debug|Any CPU
		{9BEB8FA1-9D8C-4617-B5B2-06BCCD7CD889}.Debug|Any CPU.Build.0 = Debug|Any CPU
		{9BEB8FA1-9D8C-4617-B5B2-06BCCD7CD889}.Release|Any CPU.ActiveCfg = Release|Any CPU
		{9BEB8FA1-9D8C-4617-B5B2-06BCCD7CD889}.Release|Any CPU.Build.0 = Release|Any CPU
		{F62BBC98-57EB-4DC4-8BB7-D4CD61FCBD45}.Debug|Any CPU.ActiveCfg = Debug|Any CPU
		{F62BBC98-57EB-4DC4-8BB7-D4CD61FCBD45}.Debug|Any CPU.Build.0 = Debug|Any CPU
		{F62BBC98-57EB-4DC4-8BB7-D4CD61FCBD45}.Release|Any CPU.ActiveCfg = Release|Any CPU
		{F62BBC98-57EB-4DC4-8BB7-D4CD61FCBD45}.Release|Any CPU.Build.0 = Release|Any CPU
		{6E785A9B-6675-4EAE-B93F-ADD20FD0A345}.Debug|Any CPU.ActiveCfg = Debug|Any CPU
		{6E785A9B-6675-4EAE-B93F-ADD20FD0A345}.Debug|Any CPU.Build.0 = Debug|Any CPU
		{6E785A9B-6675-4EAE-B93F-ADD20FD0A345}.Release|Any CPU.ActiveCfg = Release|Any CPU
		{6E785A9B-6675-4EAE-B93F-ADD20FD0A345}.Release|Any CPU.Build.0 = Release|Any CPU
		{4D73E6F0-7D4F-4523-A2CC-A88562A3AD98}.Debug|Any CPU.ActiveCfg = Debug|Any CPU
		{4D73E6F0-7D4F-4523-A2CC-A88562A3AD98}.Debug|Any CPU.Build.0 = Debug|Any CPU
		{4D73E6F0-7D4F-4523-A2CC-A88562A3AD98}.Release|Any CPU.ActiveCfg = Release|Any CPU
		{4D73E6F0-7D4F-4523-A2CC-A88562A3AD98}.Release|Any CPU.Build.0 = Release|Any CPU
		{DF42F3E3-0928-4924-8ACF-D6FA1F1D0DEF}.Debug|Any CPU.ActiveCfg = Debug|Any CPU
		{DF42F3E3-0928-4924-8ACF-D6FA1F1D0DEF}.Debug|Any CPU.Build.0 = Debug|Any CPU
		{DF42F3E3-0928-4924-8ACF-D6FA1F1D0DEF}.Release|Any CPU.ActiveCfg = Release|Any CPU
		{DF42F3E3-0928-4924-8ACF-D6FA1F1D0DEF}.Release|Any CPU.Build.0 = Release|Any CPU
		{74574EE6-8B4B-4236-BAC2-04678E33A7CF}.Debug|Any CPU.ActiveCfg = Debug|Any CPU
		{74574EE6-8B4B-4236-BAC2-04678E33A7CF}.Debug|Any CPU.Build.0 = Debug|Any CPU
		{74574EE6-8B4B-4236-BAC2-04678E33A7CF}.Release|Any CPU.ActiveCfg = Release|Any CPU
		{74574EE6-8B4B-4236-BAC2-04678E33A7CF}.Release|Any CPU.Build.0 = Release|Any CPU
		{9350E9BB-B341-4758-9273-FB305CE74C97}.Debug|Any CPU.ActiveCfg = Debug|Any CPU
		{9350E9BB-B341-4758-9273-FB305CE74C97}.Debug|Any CPU.Build.0 = Debug|Any CPU
		{9350E9BB-B341-4758-9273-FB305CE74C97}.Release|Any CPU.ActiveCfg = Release|Any CPU
		{9350E9BB-B341-4758-9273-FB305CE74C97}.Release|Any CPU.Build.0 = Release|Any CPU
		{BE35C236-F4F4-4271-9AB1-FA75CAC4A20D}.Debug|Any CPU.ActiveCfg = Debug|Any CPU
		{BE35C236-F4F4-4271-9AB1-FA75CAC4A20D}.Debug|Any CPU.Build.0 = Debug|Any CPU
		{BE35C236-F4F4-4271-9AB1-FA75CAC4A20D}.Release|Any CPU.ActiveCfg = Release|Any CPU
		{BE35C236-F4F4-4271-9AB1-FA75CAC4A20D}.Release|Any CPU.Build.0 = Release|Any CPU
		{4783D2C2-2E88-494B-B0E6-17D50480C359}.Debug|Any CPU.ActiveCfg = Debug|Any CPU
		{4783D2C2-2E88-494B-B0E6-17D50480C359}.Debug|Any CPU.Build.0 = Debug|Any CPU
		{4783D2C2-2E88-494B-B0E6-17D50480C359}.Release|Any CPU.ActiveCfg = Release|Any CPU
		{4783D2C2-2E88-494B-B0E6-17D50480C359}.Release|Any CPU.Build.0 = Release|Any CPU
		{9BCBFAC6-8209-4FA9-BE89-BF337EDFA28E}.Debug|Any CPU.ActiveCfg = Debug|Any CPU
		{9BCBFAC6-8209-4FA9-BE89-BF337EDFA28E}.Debug|Any CPU.Build.0 = Debug|Any CPU
		{9BCBFAC6-8209-4FA9-BE89-BF337EDFA28E}.Release|Any CPU.ActiveCfg = Release|Any CPU
		{9BCBFAC6-8209-4FA9-BE89-BF337EDFA28E}.Release|Any CPU.Build.0 = Release|Any CPU
		{41813783-D9E4-41EE-8EBC-E7F296A4C661}.Debug|Any CPU.ActiveCfg = Debug|Any CPU
		{41813783-D9E4-41EE-8EBC-E7F296A4C661}.Debug|Any CPU.Build.0 = Debug|Any CPU
		{41813783-D9E4-41EE-8EBC-E7F296A4C661}.Release|Any CPU.ActiveCfg = Release|Any CPU
		{41813783-D9E4-41EE-8EBC-E7F296A4C661}.Release|Any CPU.Build.0 = Release|Any CPU
		{985EF86E-4087-4A3D-B6A1-F2A65853D61E}.Debug|Any CPU.ActiveCfg = Debug|Any CPU
		{985EF86E-4087-4A3D-B6A1-F2A65853D61E}.Debug|Any CPU.Build.0 = Debug|Any CPU
		{985EF86E-4087-4A3D-B6A1-F2A65853D61E}.Release|Any CPU.ActiveCfg = Release|Any CPU
		{985EF86E-4087-4A3D-B6A1-F2A65853D61E}.Release|Any CPU.Build.0 = Release|Any CPU
		{08981FCA-5433-4C39-BAF7-CC7017504888}.Debug|Any CPU.ActiveCfg = Debug|Any CPU
		{08981FCA-5433-4C39-BAF7-CC7017504888}.Debug|Any CPU.Build.0 = Debug|Any CPU
		{08981FCA-5433-4C39-BAF7-CC7017504888}.Release|Any CPU.ActiveCfg = Release|Any CPU
		{08981FCA-5433-4C39-BAF7-CC7017504888}.Release|Any CPU.Build.0 = Release|Any CPU
		{9F7967F7-6518-411A-8768-E8A47C274631}.Debug|Any CPU.ActiveCfg = Debug|Any CPU
		{9F7967F7-6518-411A-8768-E8A47C274631}.Debug|Any CPU.Build.0 = Debug|Any CPU
		{9F7967F7-6518-411A-8768-E8A47C274631}.Release|Any CPU.ActiveCfg = Release|Any CPU
		{9F7967F7-6518-411A-8768-E8A47C274631}.Release|Any CPU.Build.0 = Release|Any CPU
		{5998042C-BB12-4BC7-908D-2958AD03709C}.Debug|Any CPU.ActiveCfg = Debug|Any CPU
		{5998042C-BB12-4BC7-908D-2958AD03709C}.Debug|Any CPU.Build.0 = Debug|Any CPU
		{5998042C-BB12-4BC7-908D-2958AD03709C}.Release|Any CPU.ActiveCfg = Release|Any CPU
		{5998042C-BB12-4BC7-908D-2958AD03709C}.Release|Any CPU.Build.0 = Release|Any CPU
		{6479147D-F017-4BFD-9112-18D04D914F01}.Debug|Any CPU.ActiveCfg = Debug|Any CPU
		{6479147D-F017-4BFD-9112-18D04D914F01}.Debug|Any CPU.Build.0 = Debug|Any CPU
		{6479147D-F017-4BFD-9112-18D04D914F01}.Release|Any CPU.ActiveCfg = Release|Any CPU
		{6479147D-F017-4BFD-9112-18D04D914F01}.Release|Any CPU.Build.0 = Release|Any CPU
		{4AA2E5B4-52B7-4634-81D9-6894FD561462}.Debug|Any CPU.ActiveCfg = Debug|Any CPU
		{4AA2E5B4-52B7-4634-81D9-6894FD561462}.Debug|Any CPU.Build.0 = Debug|Any CPU
		{4AA2E5B4-52B7-4634-81D9-6894FD561462}.Release|Any CPU.ActiveCfg = Release|Any CPU
		{4AA2E5B4-52B7-4634-81D9-6894FD561462}.Release|Any CPU.Build.0 = Release|Any CPU
		{2AAE549A-30EC-44CF-B3D7-892612BB629F}.Debug|Any CPU.ActiveCfg = Debug|Any CPU
		{2AAE549A-30EC-44CF-B3D7-892612BB629F}.Debug|Any CPU.Build.0 = Debug|Any CPU
		{2AAE549A-30EC-44CF-B3D7-892612BB629F}.Release|Any CPU.ActiveCfg = Release|Any CPU
		{2AAE549A-30EC-44CF-B3D7-892612BB629F}.Release|Any CPU.Build.0 = Release|Any CPU
		{E3F42A34-55FB-4AC3-9FB8-49D42699518E}.Debug|Any CPU.ActiveCfg = Debug|Any CPU
		{E3F42A34-55FB-4AC3-9FB8-49D42699518E}.Debug|Any CPU.Build.0 = Debug|Any CPU
		{E3F42A34-55FB-4AC3-9FB8-49D42699518E}.Release|Any CPU.ActiveCfg = Release|Any CPU
		{E3F42A34-55FB-4AC3-9FB8-49D42699518E}.Release|Any CPU.Build.0 = Release|Any CPU
		{72291BAA-038B-44A7-94D8-F4527EBECD1A}.Debug|Any CPU.ActiveCfg = Debug|Any CPU
		{72291BAA-038B-44A7-94D8-F4527EBECD1A}.Debug|Any CPU.Build.0 = Debug|Any CPU
		{72291BAA-038B-44A7-94D8-F4527EBECD1A}.Release|Any CPU.ActiveCfg = Release|Any CPU
		{72291BAA-038B-44A7-94D8-F4527EBECD1A}.Release|Any CPU.Build.0 = Release|Any CPU
		{3808ECFC-6480-43F1-9E76-1479F9FE5A8F}.Debug|Any CPU.ActiveCfg = Debug|Any CPU
		{3808ECFC-6480-43F1-9E76-1479F9FE5A8F}.Debug|Any CPU.Build.0 = Debug|Any CPU
		{3808ECFC-6480-43F1-9E76-1479F9FE5A8F}.Release|Any CPU.ActiveCfg = Release|Any CPU
		{3808ECFC-6480-43F1-9E76-1479F9FE5A8F}.Release|Any CPU.Build.0 = Release|Any CPU
		{A1D3AA2F-1D51-4F0B-A464-9898391C2E0B}.Debug|Any CPU.ActiveCfg = Debug|Any CPU
		{A1D3AA2F-1D51-4F0B-A464-9898391C2E0B}.Debug|Any CPU.Build.0 = Debug|Any CPU
		{A1D3AA2F-1D51-4F0B-A464-9898391C2E0B}.Release|Any CPU.ActiveCfg = Release|Any CPU
		{A1D3AA2F-1D51-4F0B-A464-9898391C2E0B}.Release|Any CPU.Build.0 = Release|Any CPU
		{DF3E535B-B0D0-4AF8-BEA1-C2EBDEDB7F0D}.Debug|Any CPU.ActiveCfg = Debug|Any CPU
		{DF3E535B-B0D0-4AF8-BEA1-C2EBDEDB7F0D}.Debug|Any CPU.Build.0 = Debug|Any CPU
		{DF3E535B-B0D0-4AF8-BEA1-C2EBDEDB7F0D}.Release|Any CPU.ActiveCfg = Release|Any CPU
		{DF3E535B-B0D0-4AF8-BEA1-C2EBDEDB7F0D}.Release|Any CPU.Build.0 = Release|Any CPU
		{B7FBE25D-02C0-42F5-B5E0-6C0783CEB49F}.Debug|Any CPU.ActiveCfg = Debug|Any CPU
		{B7FBE25D-02C0-42F5-B5E0-6C0783CEB49F}.Debug|Any CPU.Build.0 = Debug|Any CPU
		{B7FBE25D-02C0-42F5-B5E0-6C0783CEB49F}.Release|Any CPU.ActiveCfg = Release|Any CPU
		{B7FBE25D-02C0-42F5-B5E0-6C0783CEB49F}.Release|Any CPU.Build.0 = Release|Any CPU
		{DA97D559-1694-4754-B1A6-47CA5AABE0ED}.Debug|Any CPU.ActiveCfg = Debug|Any CPU
		{DA97D559-1694-4754-B1A6-47CA5AABE0ED}.Debug|Any CPU.Build.0 = Debug|Any CPU
		{DA97D559-1694-4754-B1A6-47CA5AABE0ED}.Release|Any CPU.ActiveCfg = Release|Any CPU
		{DA97D559-1694-4754-B1A6-47CA5AABE0ED}.Release|Any CPU.Build.0 = Release|Any CPU
		{E88E6978-CA65-4917-BBBE-EE9A48FACF58}.Debug|Any CPU.ActiveCfg = Debug|Any CPU
		{E88E6978-CA65-4917-BBBE-EE9A48FACF58}.Debug|Any CPU.Build.0 = Debug|Any CPU
		{E88E6978-CA65-4917-BBBE-EE9A48FACF58}.Release|Any CPU.ActiveCfg = Release|Any CPU
		{E88E6978-CA65-4917-BBBE-EE9A48FACF58}.Release|Any CPU.Build.0 = Release|Any CPU
		{82794D80-C281-4DEA-B496-85188857493F}.Debug|Any CPU.ActiveCfg = Debug|Any CPU
		{82794D80-C281-4DEA-B496-85188857493F}.Debug|Any CPU.Build.0 = Debug|Any CPU
		{82794D80-C281-4DEA-B496-85188857493F}.Release|Any CPU.ActiveCfg = Release|Any CPU
		{82794D80-C281-4DEA-B496-85188857493F}.Release|Any CPU.Build.0 = Release|Any CPU
		{2A2E8B43-DAC0-4966-BC71-AD1384EFAD0F}.Debug|Any CPU.ActiveCfg = Debug|Any CPU
		{2A2E8B43-DAC0-4966-BC71-AD1384EFAD0F}.Debug|Any CPU.Build.0 = Debug|Any CPU
		{2A2E8B43-DAC0-4966-BC71-AD1384EFAD0F}.Release|Any CPU.ActiveCfg = Release|Any CPU
		{2A2E8B43-DAC0-4966-BC71-AD1384EFAD0F}.Release|Any CPU.Build.0 = Release|Any CPU
		{C8FED286-9E04-4ECC-AD08-76B10D7F87FA}.Debug|Any CPU.ActiveCfg = Debug|Any CPU
		{C8FED286-9E04-4ECC-AD08-76B10D7F87FA}.Debug|Any CPU.Build.0 = Debug|Any CPU
		{C8FED286-9E04-4ECC-AD08-76B10D7F87FA}.Release|Any CPU.ActiveCfg = Release|Any CPU
		{C8FED286-9E04-4ECC-AD08-76B10D7F87FA}.Release|Any CPU.Build.0 = Release|Any CPU
		{A484AE58-3B24-4872-9CC5-4135798B62FE}.Debug|Any CPU.ActiveCfg = Debug|Any CPU
		{A484AE58-3B24-4872-9CC5-4135798B62FE}.Debug|Any CPU.Build.0 = Debug|Any CPU
		{A484AE58-3B24-4872-9CC5-4135798B62FE}.Release|Any CPU.ActiveCfg = Release|Any CPU
		{A484AE58-3B24-4872-9CC5-4135798B62FE}.Release|Any CPU.Build.0 = Release|Any CPU
		{19D42DBC-C780-43D7-B8B7-5A7CA1BE3D01}.Debug|Any CPU.ActiveCfg = Debug|Any CPU
		{19D42DBC-C780-43D7-B8B7-5A7CA1BE3D01}.Debug|Any CPU.Build.0 = Debug|Any CPU
		{19D42DBC-C780-43D7-B8B7-5A7CA1BE3D01}.Release|Any CPU.ActiveCfg = Release|Any CPU
		{19D42DBC-C780-43D7-B8B7-5A7CA1BE3D01}.Release|Any CPU.Build.0 = Release|Any CPU
		{54C4E737-6A19-4D53-85C8-ABCBDC728D8F}.Debug|Any CPU.ActiveCfg = Debug|Any CPU
		{54C4E737-6A19-4D53-85C8-ABCBDC728D8F}.Debug|Any CPU.Build.0 = Debug|Any CPU
		{54C4E737-6A19-4D53-85C8-ABCBDC728D8F}.Release|Any CPU.ActiveCfg = Release|Any CPU
		{54C4E737-6A19-4D53-85C8-ABCBDC728D8F}.Release|Any CPU.Build.0 = Release|Any CPU
		{B6B1C695-8E7E-4551-926E-851D03C64939}.Debug|Any CPU.ActiveCfg = Debug|Any CPU
		{B6B1C695-8E7E-4551-926E-851D03C64939}.Debug|Any CPU.Build.0 = Debug|Any CPU
		{B6B1C695-8E7E-4551-926E-851D03C64939}.Release|Any CPU.ActiveCfg = Release|Any CPU
		{B6B1C695-8E7E-4551-926E-851D03C64939}.Release|Any CPU.Build.0 = Release|Any CPU
		{0DA8D775-0367-4132-8913-54A978C73B58}.Debug|Any CPU.ActiveCfg = Debug|Any CPU
		{0DA8D775-0367-4132-8913-54A978C73B58}.Debug|Any CPU.Build.0 = Debug|Any CPU
		{0DA8D775-0367-4132-8913-54A978C73B58}.Release|Any CPU.ActiveCfg = Release|Any CPU
		{0DA8D775-0367-4132-8913-54A978C73B58}.Release|Any CPU.Build.0 = Release|Any CPU
		{CB6258EF-1B34-4000-956D-310825E05236}.Debug|Any CPU.ActiveCfg = Debug|Any CPU
		{CB6258EF-1B34-4000-956D-310825E05236}.Debug|Any CPU.Build.0 = Debug|Any CPU
		{CB6258EF-1B34-4000-956D-310825E05236}.Release|Any CPU.ActiveCfg = Release|Any CPU
		{CB6258EF-1B34-4000-956D-310825E05236}.Release|Any CPU.Build.0 = Release|Any CPU
		{409A8E61-7E88-4508-AE3C-881C1A2B8D72}.Debug|Any CPU.ActiveCfg = Debug|Any CPU
		{409A8E61-7E88-4508-AE3C-881C1A2B8D72}.Debug|Any CPU.Build.0 = Debug|Any CPU
		{409A8E61-7E88-4508-AE3C-881C1A2B8D72}.Release|Any CPU.ActiveCfg = Release|Any CPU
		{409A8E61-7E88-4508-AE3C-881C1A2B8D72}.Release|Any CPU.Build.0 = Release|Any CPU
		{AD20F7BA-2E47-4ED2-9279-4DDAC49DBE8D}.Debug|Any CPU.ActiveCfg = Debug|Any CPU
		{AD20F7BA-2E47-4ED2-9279-4DDAC49DBE8D}.Debug|Any CPU.Build.0 = Debug|Any CPU
		{AD20F7BA-2E47-4ED2-9279-4DDAC49DBE8D}.Release|Any CPU.ActiveCfg = Release|Any CPU
		{AD20F7BA-2E47-4ED2-9279-4DDAC49DBE8D}.Release|Any CPU.Build.0 = Release|Any CPU
		{908F8709-BCCF-44C1-9167-88965F71C39A}.Debug|Any CPU.ActiveCfg = Debug|Any CPU
		{908F8709-BCCF-44C1-9167-88965F71C39A}.Debug|Any CPU.Build.0 = Debug|Any CPU
		{908F8709-BCCF-44C1-9167-88965F71C39A}.Release|Any CPU.ActiveCfg = Release|Any CPU
		{908F8709-BCCF-44C1-9167-88965F71C39A}.Release|Any CPU.Build.0 = Release|Any CPU
		{AEF12A15-CBB8-496C-AB75-061B538A63E9}.Debug|Any CPU.ActiveCfg = Debug|Any CPU
		{AEF12A15-CBB8-496C-AB75-061B538A63E9}.Debug|Any CPU.Build.0 = Debug|Any CPU
		{AEF12A15-CBB8-496C-AB75-061B538A63E9}.Release|Any CPU.ActiveCfg = Release|Any CPU
		{AEF12A15-CBB8-496C-AB75-061B538A63E9}.Release|Any CPU.Build.0 = Release|Any CPU
		{5CB3AC78-A544-46C7-A4E7-50EE2AF946DE}.Debug|Any CPU.ActiveCfg = Debug|Any CPU
		{5CB3AC78-A544-46C7-A4E7-50EE2AF946DE}.Debug|Any CPU.Build.0 = Debug|Any CPU
		{5CB3AC78-A544-46C7-A4E7-50EE2AF946DE}.Release|Any CPU.ActiveCfg = Release|Any CPU
		{5CB3AC78-A544-46C7-A4E7-50EE2AF946DE}.Release|Any CPU.Build.0 = Release|Any CPU
		{70AA3BDD-410A-4B6C-BD23-1603E38B1066}.Debug|Any CPU.ActiveCfg = Debug|Any CPU
		{70AA3BDD-410A-4B6C-BD23-1603E38B1066}.Debug|Any CPU.Build.0 = Debug|Any CPU
		{70AA3BDD-410A-4B6C-BD23-1603E38B1066}.Release|Any CPU.ActiveCfg = Release|Any CPU
		{70AA3BDD-410A-4B6C-BD23-1603E38B1066}.Release|Any CPU.Build.0 = Release|Any CPU
		{98BF5EFD-BD77-4599-AE97-AF57E78987A0}.Debug|Any CPU.ActiveCfg = Debug|Any CPU
		{98BF5EFD-BD77-4599-AE97-AF57E78987A0}.Debug|Any CPU.Build.0 = Debug|Any CPU
		{98BF5EFD-BD77-4599-AE97-AF57E78987A0}.Release|Any CPU.ActiveCfg = Release|Any CPU
		{98BF5EFD-BD77-4599-AE97-AF57E78987A0}.Release|Any CPU.Build.0 = Release|Any CPU
	EndGlobalSection
	GlobalSection(SolutionProperties) = preSolution
		HideSolutionNode = FALSE
	EndGlobalSection
EndGlobal
