
Microsoft Visual Studio Solution File, Format Version 12.00
# Visual Studio 15
VisualStudioVersion = 15.0.26430.12
MinimumVisualStudioVersion = 10.0.40219.1
Project("{FAE04EC0-301F-11D3-BF4B-00C04F79EFBC}") = "Declare Variables", "ConsoleApp1\Declare Variables.csproj", "{04595628-E0DF-4ECC-A8C1-8817C97F72B3}"
EndProject
Project("{FAE04EC0-301F-11D3-BF4B-00C04F79EFBC}") = "Float or Double", "Float or Double\Float or Double.csproj", "{F9C013E5-049E-4E3E-A108-68DF42F6636F}"
EndProject
Project("{FAE04EC0-301F-11D3-BF4B-00C04F79EFBC}") = "Variable in Hexadecimal Format", "Variable in Hexadecimal Format\Variable in Hexadecimal Format.csproj", "{9BEB8FA1-9D8C-4617-B5B2-06BCCD7CD889}"
EndProject
Project("{FAE04EC0-301F-11D3-BF4B-00C04F79EFBC}") = "Unicode Character", "Unicode Character\Unicode Character.csproj", "{F62BBC98-57EB-4DC4-8BB7-D4CD61FCBD45}"
EndProject
Project("{FAE04EC0-301F-11D3-BF4B-00C04F79EFBC}") = "Boolean Variable", "Boolean Variable\Boolean Variable.csproj", "{6E785A9B-6675-4EAE-B93F-ADD20FD0A345}"
EndProject
Project("{FAE04EC0-301F-11D3-BF4B-00C04F79EFBC}") = "Strings and Objects", "Strings and Objects\Strings and Objects.csproj", "{4D73E6F0-7D4F-4523-A2CC-A88562A3AD98}"
EndProject
Project("{FAE04EC0-301F-11D3-BF4B-00C04F79EFBC}") = "Quotes in Strings", "Quotes in Strings\Quotes in Strings.csproj", "{DF42F3E3-0928-4924-8ACF-D6FA1F1D0DEF}"
EndProject
Project("{FAE04EC0-301F-11D3-BF4B-00C04F79EFBC}") = "Isosceles Triangle", "Isosceles Triangle\Isosceles Triangle.csproj", "{74574EE6-8B4B-4236-BAC2-04678E33A7CF}"
EndProject
Project("{FAE04EC0-301F-11D3-BF4B-00C04F79EFBC}") = "Exchange Variable Values", "Exchange Variable Values\Exchange Variable Values.csproj", "{9350E9BB-B341-4758-9273-FB305CE74C97}"
EndProject
Project("{FAE04EC0-301F-11D3-BF4B-00C04F79EFBC}") = "Employee Data", "Employee Data\Employee Data.csproj", "{BE35C236-F4F4-4271-9AB1-FA75CAC4A20D}"
EndProject
Project("{FAE04EC0-301F-11D3-BF4B-00C04F79EFBC}") = "Bank Account Data", "Bank Account Data\Bank Account Data.csproj", "{4783D2C2-2E88-494B-B0E6-17D50480C359}"
EndProject
Project("{FAE04EC0-301F-11D3-BF4B-00C04F79EFBC}") = "Null Values Arithmetic", "Null Values Arithmetic\Null Values Arithmetic.csproj", "{9BCBFAC6-8209-4FA9-BE89-BF337EDFA28E}"
EndProject
Project("{FAE04EC0-301F-11D3-BF4B-00C04F79EFBC}") = "Comparing Floats", "Comparing Floats\Comparing Floats.csproj", "{41813783-D9E4-41EE-8EBC-E7F296A4C661}"
EndProject
Project("{FAE04EC0-301F-11D3-BF4B-00C04F79EFBC}") = "Print the ASCII Table", "Print the ASCII Table\Print the ASCII Table.csproj", "{985EF86E-4087-4A3D-B6A1-F2A65853D61E}"
EndProject
Project("{FAE04EC0-301F-11D3-BF4B-00C04F79EFBC}") = "OddOrEven", "OddOrEven\OddOrEven.csproj", "{08981FCA-5433-4C39-BAF7-CC7017504888}"
EndProject
Project("{FAE04EC0-301F-11D3-BF4B-00C04F79EFBC}") = "MoonGravity", "MoonGravity\MoonGravity.csproj", "{9F7967F7-6518-411A-8768-E8A47C274631}"
EndProject
Project("{FAE04EC0-301F-11D3-BF4B-00C04F79EFBC}") = "TrainingBitsOperation", "TrainingBitsOperation\TrainingBitsOperation.csproj", "{5998042C-BB12-4BC7-908D-2958AD03709C}"
EndProject
Project("{FAE04EC0-301F-11D3-BF4B-00C04F79EFBC}") = "DivideBy7And5", "Divide by 7 and 5\DivideBy7And5.csproj", "{6479147D-F017-4BFD-9112-18D04D914F01}"
EndProject
Project("{FAE04EC0-301F-11D3-BF4B-00C04F79EFBC}") = "Rectangles", "Rectangles\Rectangles.csproj", "{4AA2E5B4-52B7-4634-81D9-6894FD561462}"
EndProject
Project("{FAE04EC0-301F-11D3-BF4B-00C04F79EFBC}") = "ThirdDigit", "ThirdDigit\ThirdDigit.csproj", "{2AAE549A-30EC-44CF-B3D7-892612BB629F}"
EndProject
Project("{FAE04EC0-301F-11D3-BF4B-00C04F79EFBC}") = "FourDigits", "FourDigits\FourDigits.csproj", "{E3F42A34-55FB-4AC3-9FB8-49D42699518E}"
EndProject
Project("{FAE04EC0-301F-11D3-BF4B-00C04F79EFBC}") = "PointInACircle", "PointInACircle\PointInACircle.csproj", "{72291BAA-038B-44A7-94D8-F4527EBECD1A}"
EndProject
Project("{FAE04EC0-301F-11D3-BF4B-00C04F79EFBC}") = "PrimeCheck", "PrimeCheck\PrimeCheck.csproj", "{3808ECFC-6480-43F1-9E76-1479F9FE5A8F}"
EndProject
Project("{FAE04EC0-301F-11D3-BF4B-00C04F79EFBC}") = "Trapezoids", "Trapezoids\Trapezoids.csproj", "{A1D3AA2F-1D51-4F0B-A464-9898391C2E0B}"
EndProject
Project("{FAE04EC0-301F-11D3-BF4B-00C04F79EFBC}") = "PointCircleRectangle", "PointCircleRectangle\PointCircleRectangle.csproj", "{DF3E535B-B0D0-4AF8-BEA1-C2EBDEDB7F0D}"
EndProject
Project("{FAE04EC0-301F-11D3-BF4B-00C04F79EFBC}") = "3rdBit", "3rdBit\3rdBit.csproj", "{B7FBE25D-02C0-42F5-B5E0-6C0783CEB49F}"
EndProject
Project("{FAE04EC0-301F-11D3-BF4B-00C04F79EFBC}") = "NthBit", "NthBit\NthBit.csproj", "{DA97D559-1694-4754-B1A6-47CA5AABE0ED}"
EndProject
Project("{FAE04EC0-301F-11D3-BF4B-00C04F79EFBC}") = "ModifyBit", "ModifyBit\ModifyBit.csproj", "{E88E6978-CA65-4917-BBBE-EE9A48FACF58}"
EndProject
Project("{FAE04EC0-301F-11D3-BF4B-00C04F79EFBC}") = "BitExchange", "BitExchange\BitExchange.csproj", "{82794D80-C281-4DEA-B496-85188857493F}"
EndProject
Project("{FAE04EC0-301F-11D3-BF4B-00C04F79EFBC}") = "BitSwap", "BitSwap\BitSwap.csproj", "{2A2E8B43-DAC0-4966-BC71-AD1384EFAD0F}"
EndProject
Project("{FAE04EC0-301F-11D3-BF4B-00C04F79EFBC}") = "SumOf3Numbers", "SumOf3Numbers\SumOf3Numbers.csproj", "{C8FED286-9E04-4ECC-AD08-76B10D7F87FA}"
EndProject
Project("{FAE04EC0-301F-11D3-BF4B-00C04F79EFBC}") = "CompanyInfo", "CompanyInfo\CompanyInfo.csproj", "{A484AE58-3B24-4872-9CC5-4135798B62FE}"
EndProject
Project("{FAE04EC0-301F-11D3-BF4B-00C04F79EFBC}") = "Circle", "Circle\Circle.csproj", "{19D42DBC-C780-43D7-B8B7-5A7CA1BE3D01}"
EndProject
Project("{FAE04EC0-301F-11D3-BF4B-00C04F79EFBC}") = "FormattingNumbers", "FormattingNumbers\FormattingNumbers.csproj", "{54C4E737-6A19-4D53-85C8-ABCBDC728D8F}"
EndProject
Project("{FAE04EC0-301F-11D3-BF4B-00C04F79EFBC}") = "NumberComparer", "NumberComparer\NumberComparer.csproj", "{B6B1C695-8E7E-4551-926E-851D03C64939}"
EndProject
Project("{FAE04EC0-301F-11D3-BF4B-00C04F79EFBC}") = "QuadraticEquation", "QuadraticEquation\QuadraticEquation.csproj", "{0DA8D775-0367-4132-8913-54A978C73B58}"
EndProject
Project("{FAE04EC0-301F-11D3-BF4B-00C04F79EFBC}") = "SumOf5Numbers", "SumOf5Numbers\SumOf5Numbers.csproj", "{CB6258EF-1B34-4000-956D-310825E05236}"
EndProject
Project("{FAE04EC0-301F-11D3-BF4B-00C04F79EFBC}") = "NumbersFrom1ToN", "NumbersFrom1ToN\NumbersFrom1ToN.csproj", "{409A8E61-7E88-4508-AE3C-881C1A2B8D72}"
EndProject
Project("{FAE04EC0-301F-11D3-BF4B-00C04F79EFBC}") = "SumOfNnumbers", "SumOfNnumbers\SumOfNnumbers.csproj", "{AD20F7BA-2E47-4ED2-9279-4DDAC49DBE8D}"
EndProject
Project("{FAE04EC0-301F-11D3-BF4B-00C04F79EFBC}") = "FibonacciNumbers", "FibonacciNumbers\FibonacciNumbers.csproj", "{908F8709-BCCF-44C1-9167-88965F71C39A}"
EndProject
Project("{FAE04EC0-301F-11D3-BF4B-00C04F79EFBC}") = "Interval", "Interval\Interval.csproj", "{AEF12A15-CBB8-496C-AB75-061B538A63E9}"
EndProject
Project("{FAE04EC0-301F-11D3-BF4B-00C04F79EFBC}") = "ExchangeNumbers", "ExchangeNumbers\ExchangeNumbers.csproj", "{5CB3AC78-A544-46C7-A4E7-50EE2AF946DE}"
EndProject
Project("{FAE04EC0-301F-11D3-BF4B-00C04F79EFBC}") = "BonusScore", "BonusScore\BonusScore.csproj", "{70AA3BDD-410A-4B6C-BD23-1603E38B1066}"
EndProject
Project("{FAE04EC0-301F-11D3-BF4B-00C04F79EFBC}") = "PlayCard", "PlayCard\PlayCard.csproj", "{98BF5EFD-BD77-4599-AE97-AF57E78987A0}"
EndProject
Project("{FAE04EC0-301F-11D3-BF4B-00C04F79EFBC}") = "MultiplicationSign", "MultiplicationSign\MultiplicationSign.csproj", "{C655F9AE-3AFC-4EB2-A219-2F387347244E}"
EndProject
Project("{FAE04EC0-301F-11D3-BF4B-00C04F79EFBC}") = "BiggestOf3", "BiggestOf3\BiggestOf3.csproj", "{56B2DAAE-3EA4-451D-9ED5-08C4ED8ABA74}"
EndProject
Project("{FAE04EC0-301F-11D3-BF4B-00C04F79EFBC}") = "BiggestOf5", "BiggestOf5\BiggestOf5.csproj", "{516FAEAD-08C7-45A2-986E-5D8B8A54E4C8}"
EndProject
Project("{FAE04EC0-301F-11D3-BF4B-00C04F79EFBC}") = "Sort3Numbers", "Sort3Numbers\Sort3Numbers.csproj", "{1E95DCC8-8F7A-468E-9269-CFE0B3F2FA87}"
EndProject
Project("{FAE04EC0-301F-11D3-BF4B-00C04F79EFBC}") = "DigitAsWord", "DigitAsWord\DigitAsWord.csproj", "{2B2D2B89-E682-4BAD-948C-4DDA13DDF70E}"
EndProject
Project("{FAE04EC0-301F-11D3-BF4B-00C04F79EFBC}") = "IntDoubleString", "IntDoubleString\IntDoubleString.csproj", "{D45AD706-F192-43A7-B577-CF0F39BE6CA6}"
EndProject
Project("{FAE04EC0-301F-11D3-BF4B-00C04F79EFBC}") = "NotDivisibleNumbers", "NotDivisibleNumbers\NotDivisibleNumbers.csproj", "{1577E04F-A936-4B89-A9F0-B0BBC14CFB6B}"
EndProject
Project("{FAE04EC0-301F-11D3-BF4B-00C04F79EFBC}") = "MMSA", "MMSA\MMSA.csproj", "{10B05F7A-86B9-4C2A-BF25-436B69D922D9}"
EndProject
Project("{FAE04EC0-301F-11D3-BF4B-00C04F79EFBC}") = "PrintADeck", "PrintADeck\PrintADeck.csproj", "{97BE212B-7A94-436C-8A6A-D1752F594362}"
EndProject
Project("{FAE04EC0-301F-11D3-BF4B-00C04F79EFBC}") = "Calculate!", "Calculate!\Calculate!.csproj", "{55A81306-5F86-4BF6-B6F5-1386F277202E}"
EndProject
Project("{FAE04EC0-301F-11D3-BF4B-00C04F79EFBC}") = "Calculate Again", "Calculate Again\Calculate Again.csproj", "{167EC1BD-1000-474E-8611-00DC8F153FF6}"
EndProject
Project("{FAE04EC0-301F-11D3-BF4B-00C04F79EFBC}") = "Calculate3!", "Calculate3!\Calculate3!.csproj", "{441B823A-AD4D-40CC-946D-729F4C46FEC4}"
EndProject
Project("{FAE04EC0-301F-11D3-BF4B-00C04F79EFBC}") = "CatalanNumbers", "CatalanNumbers\CatalanNumbers.csproj", "{B0912711-C710-4FBA-A180-4901AD64C7B0}"
EndProject
Project("{FAE04EC0-301F-11D3-BF4B-00C04F79EFBC}") = "MatrixOfNumbers", "MatrixOfNumbers\MatrixOfNumbers.csproj", "{8E7EFFAB-7D92-4385-8CC8-EF3BCE5AFE93}"
EndProject
Project("{FAE04EC0-301F-11D3-BF4B-00C04F79EFBC}") = "Railing0InN!", "Railing0InN!\Railing0InN!.csproj", "{62115137-6A32-4E2E-8871-E40F01183862}"
EndProject
Project("{FAE04EC0-301F-11D3-BF4B-00C04F79EFBC}") = "OddAndEvenProduct", "OddAndEvenProduct\OddAndEvenProduct.csproj", "{3FA19A32-D29A-4EC7-AB1D-B3E6D3EE8696}"
EndProject
Project("{FAE04EC0-301F-11D3-BF4B-00C04F79EFBC}") = "BinaryToDecimal", "BinaryToDecimal\BinaryToDecimal.csproj", "{F85CF08A-7C22-44A6-8B68-8748609FABB4}"
EndProject
Project("{FAE04EC0-301F-11D3-BF4B-00C04F79EFBC}") = "DecimalToBinary", "DecimalToBinary\DecimalToBinary.csproj", "{E9B1122A-94DD-43A2-8372-8F4A1E6CA1F2}"
EndProject
Project("{FAE04EC0-301F-11D3-BF4B-00C04F79EFBC}") = "SpiralMatrix", "SpiralMatrix\SpiralMatrix.csproj", "{71790D63-F75B-4666-A16C-2D270ED656EA}"
EndProject
Project("{FAE04EC0-301F-11D3-BF4B-00C04F79EFBC}") = "DecimalToHex", "DecimalToHex\DecimalToHex.csproj", "{7A8CB016-F09A-4B02-9AF6-8EDE65D592F0}"
EndProject
Project("{FAE04EC0-301F-11D3-BF4B-00C04F79EFBC}") = "HexToDecimal", "HexToDecimal\HexToDecimal.csproj", "{27CCA6A6-65EF-4D25-B27D-FA8D10196B25}"
EndProject
Project("{FAE04EC0-301F-11D3-BF4B-00C04F79EFBC}") = "AllocateArray", "AllocateArray\AllocateArray.csproj", "{8DB5526B-E0B0-40C7-9B71-8019B2ACDDB6}"
EndProject
Project("{FAE04EC0-301F-11D3-BF4B-00C04F79EFBC}") = "CompareArrays", "CompareArrays\CompareArrays.csproj", "{D7A16FBD-192D-4D2E-8391-AE4E956E90FB}"
EndProject
Project("{FAE04EC0-301F-11D3-BF4B-00C04F79EFBC}") = "CompareCharArrays", "CompareCharArrays\CompareCharArrays.csproj", "{9B0BA57D-AE7C-40C7-8622-91EB49B61847}"
EndProject
Project("{FAE04EC0-301F-11D3-BF4B-00C04F79EFBC}") = "MaximalSequence", "MaximalSequence\MaximalSequence.csproj", "{D5570002-84E4-4208-A776-822AF1878A98}"
EndProject
Project("{FAE04EC0-301F-11D3-BF4B-00C04F79EFBC}") = "MaximalIncreasingSequence", "MaximalIncreasingSequence\MaximalIncreasingSequence.csproj", "{006D4FC2-E1F6-4460-B89D-4F763CC73C7F}"
EndProject
Project("{FAE04EC0-301F-11D3-BF4B-00C04F79EFBC}") = "MaximalKSum", "MaximalKSum\MaximalKSum.csproj", "{B2F309BF-4633-4581-B153-DB43E5E39BD1}"
EndProject
Project("{FAE04EC0-301F-11D3-BF4B-00C04F79EFBC}") = "SelectionSort", "SelectionSort\SelectionSort.csproj", "{F84C80CF-D74D-43ED-8D17-015864979DAE}"
EndProject
Project("{FAE04EC0-301F-11D3-BF4B-00C04F79EFBC}") = "MaximalSum", "MaximalSum\MaximalSum.csproj", "{D7DA4CF4-8B82-4FFE-85BE-AC3DE1CA205C}"
EndProject
Project("{FAE04EC0-301F-11D3-BF4B-00C04F79EFBC}") = "FrequentNumber", "FrequentNumber\FrequentNumber.csproj", "{F79C2037-2050-407F-A061-DDC4EF38A316}"
EndProject
Project("{FAE04EC0-301F-11D3-BF4B-00C04F79EFBC}") = "CommandLineArguments", "CommandLineArguments\CommandLineArguments.csproj", "{8E03986D-F44D-450C-AE11-4E90F62B81BB}"
EndProject
Project("{FAE04EC0-301F-11D3-BF4B-00C04F79EFBC}") = "IndexOfLetters", "IndexOfLetters\IndexOfLetters.csproj", "{9DC290C6-0DDF-4905-A1A3-A5AB2DC9B4E3}"
EndProject
Project("{FAE04EC0-301F-11D3-BF4B-00C04F79EFBC}") = "SubsetWithSumS", "SubsetWithSumS\SubsetWithSumS.csproj", "{77797463-35BD-4F47-B245-2FD7DC6F1538}"
EndProject
Project("{FAE04EC0-301F-11D3-BF4B-00C04F79EFBC}") = "MergeSort", "MergeSort\MergeSort.csproj", "{2C4A461F-ED66-4478-9AE5-3C52D75B29FD}"
EndProject
Project("{FAE04EC0-301F-11D3-BF4B-00C04F79EFBC}") = "PrimeNumbers", "PrimeNumbers\PrimeNumbers.csproj", "{69CC0DB4-16FB-4CFB-8100-06F1168A1F9B}"
EndProject
Project("{FAE04EC0-301F-11D3-BF4B-00C04F79EFBC}") = "RemoveElementsFromArray", "RemoveElementsFromArray\RemoveElementsFromArray.csproj", "{9E00BA0E-3DAF-4781-9621-8BC2822AE75C}"
EndProject
Project("{FAE04EC0-301F-11D3-BF4B-00C04F79EFBC}") = "BinarySearch", "BinarySearch\BinarySearch.csproj", "{0ABED2E6-E2AB-44B4-B73D-4397FF47E815}"
EndProject
Project("{FAE04EC0-301F-11D3-BF4B-00C04F79EFBC}") = "QuickSort", "QuickSort\QuickSort.csproj", "{97A0AA30-CF78-4CDB-9FCE-A0AFD4C1EE05}"
EndProject
Project("{FAE04EC0-301F-11D3-BF4B-00C04F79EFBC}") = "SubsetKWithSumS", "SubsetKWithSumS\SubsetKWithSumS.csproj", "{053758CA-E097-4EEA-A544-1B519FE73E0E}"
EndProject
Project("{FAE04EC0-301F-11D3-BF4B-00C04F79EFBC}") = "CombinationsOfSet", "CombinationsOfSet\CombinationsOfSet.csproj", "{384097BA-8AB7-48F8-AD0F-C617EA473E9B}"
EndProject
Project("{FAE04EC0-301F-11D3-BF4B-00C04F79EFBC}") = "VariationsOfSet", "VariationsOfSet\VariationsOfSet.csproj", "{389556A7-4105-46E6-8295-670AD7DEFEA3}"
EndProject
Project("{FAE04EC0-301F-11D3-BF4B-00C04F79EFBC}") = "PermutationsOfSet", "PermutationsOfSet\PermutationsOfSet.csproj", "{6477CC4E-61DB-4DA1-95B0-086A91A5BE8C}"
EndProject
Project("{FAE04EC0-301F-11D3-BF4B-00C04F79EFBC}") = "FillTheMatrix", "FillTheMatrix\FillTheMatrix.csproj", "{4B33C339-B4AC-4123-A1BF-E9AF41C7F465}"
EndProject
Project("{FAE04EC0-301F-11D3-BF4B-00C04F79EFBC}") = "MaximalSumOfMatrix", "MaximalSumOfMatrix\MaximalSumOfMatrix.csproj", "{AE4AD54C-3FC8-4E64-86A2-2ACBE721F276}"
EndProject
Project("{FAE04EC0-301F-11D3-BF4B-00C04F79EFBC}") = "SequenceInMatrix", "SequenceInMatrix\SequenceInMatrix.csproj", "{DAF3C540-EE41-4728-BCCA-90BC9341F13A}"
EndProject
Project("{FAE04EC0-301F-11D3-BF4B-00C04F79EFBC}") = "BinarySearchInMatrix", "BinarySearchInMatrix\BinarySearchInMatrix.csproj", "{73236523-F6DC-4622-9511-8859F8FF4B63}"
EndProject
Project("{FAE04EC0-301F-11D3-BF4B-00C04F79EFBC}") = "sortByStringLength", "sortByStringLength\sortByStringLength.csproj", "{D6C228E7-AC1B-451D-B575-709C8EC7DB95}"
EndProject
Project("{FAE04EC0-301F-11D3-BF4B-00C04F79EFBC}") = "Matrix class", "Matrix class\Matrix class.csproj", "{ECC06C53-C122-4131-BE58-5B3A2DFB406A}"
EndProject
Project("{FAE04EC0-301F-11D3-BF4B-00C04F79EFBC}") = "LargestAreaInMatrix", "LargestAreaInMatrix\LargestAreaInMatrix.csproj", "{0B0C11DB-80B5-49D4-BE5C-8823F9D32B6A}"
EndProject
Project("{FAE04EC0-301F-11D3-BF4B-00C04F79EFBC}") = "SayHello", "SayHello\SayHello.csproj", "{50479D8A-08C7-41D5-9247-29B49E394A4F}"
EndProject
Project("{FAE04EC0-301F-11D3-BF4B-00C04F79EFBC}") = "GetLargestNumber", "GetLargestNumber\GetLargestNumber.csproj", "{77E4E6FF-3307-47EC-9492-F45E11F9B09F}"
EndProject
Project("{FAE04EC0-301F-11D3-BF4B-00C04F79EFBC}") = "EnglishDigit", "EnglishDigit\EnglishDigit.csproj", "{1E405677-7EFE-4D13-88FA-A12CE8363D51}"
EndProject
Project("{FAE04EC0-301F-11D3-BF4B-00C04F79EFBC}") = "AppearanceCount", "AppearanceCount\AppearanceCount.csproj", "{F84302F9-F29D-4CE5-9C5F-9B106EB86681}"
EndProject
Project("{FAE04EC0-301F-11D3-BF4B-00C04F79EFBC}") = "LargerThanNeighbours", "LargerThanNeighbours\LargerThanNeighbours.csproj", "{E7BAACA0-660C-498B-A948-289FECD0BFF5}"
EndProject
Project("{FAE04EC0-301F-11D3-BF4B-00C04F79EFBC}") = "FirstLargerThanNeighbours", "FirstLargerThanNeighbours\FirstLargerThanNeighbours.csproj", "{C9D9D9DA-559C-40B8-BCF8-9CCB8E673E81}"
EndProject
Project("{FAE04EC0-301F-11D3-BF4B-00C04F79EFBC}") = "ReverseNumber", "ReverseNumber\ReverseNumber.csproj", "{CCB35CB5-DCA3-43B6-A232-26447DC6EBC8}"
EndProject
Project("{FAE04EC0-301F-11D3-BF4B-00C04F79EFBC}") = "NumberAsArray", "NumberAsArray\NumberAsArray.csproj", "{E45E1460-AC26-4E5B-9C61-2B69A0D55DFC}"
EndProject
Project("{FAE04EC0-301F-11D3-BF4B-00C04F79EFBC}") = "SortingArray", "SortingArray\SortingArray.csproj", "{A8B40442-0C7B-4796-B4D3-D994AE73936C}"
EndProject
Project("{FAE04EC0-301F-11D3-BF4B-00C04F79EFBC}") = "NFactorial", "NFactorial\NFactorial.csproj", "{2729425A-633C-4E05-83CB-4D43BD60A3A1}"
EndProject
Project("{FAE04EC0-301F-11D3-BF4B-00C04F79EFBC}") = "AddingPolynomials", "AddingPolynomials\AddingPolynomials.csproj", "{102376FD-5416-4BA3-8A5A-B8780F6E745C}"
EndProject
Project("{FAE04EC0-301F-11D3-BF4B-00C04F79EFBC}") = "SubtractingPolynomials", "SubtractingPolynomials\SubtractingPolynomials.csproj", "{8412F28B-153A-4DFE-AEED-8BFE94E6BED1}"
EndProject
Project("{FAE04EC0-301F-11D3-BF4B-00C04F79EFBC}") = "SolveTasks", "SolveTasks\SolveTasks.csproj", "{F1ED0953-0DFF-48C5-9F94-AE8E6DF41199}"
EndProject
Project("{FAE04EC0-301F-11D3-BF4B-00C04F79EFBC}") = "IntegerCalculations", "IntegerCalculations\IntegerCalculations.csproj", "{FD6EC98E-D800-453F-9E4B-8EB8DDF6547E}"
EndProject
Project("{FAE04EC0-301F-11D3-BF4B-00C04F79EFBC}") = "TypeCalculate", "TypeCalculate\TypeCalculate.csproj", "{20DD7B77-DB9E-425E-89CD-E97CA9E527E9}"
EndProject
Project("{FAE04EC0-301F-11D3-BF4B-00C04F79EFBC}") = "DecimalToBinaryNumSystem", "DecimalToBinaryNumSystem\DecimalToBinaryNumSystem.csproj", "{FA9B133B-10C4-4D61-B40E-D0E0D645912C}"
EndProject
Project("{FAE04EC0-301F-11D3-BF4B-00C04F79EFBC}") = "BinaryToDecimalNumSystem", "BinaryToDecimalNumSystem\BinaryToDecimalNumSystem.csproj", "{C17F0276-A5CD-4333-9AF8-08C092B542BA}"
EndProject
Project("{FAE04EC0-301F-11D3-BF4B-00C04F79EFBC}") = "DecimalToHexadecimal", "DecimalToHexadecimal\DecimalToHexadecimal.csproj", "{4A2AAAF3-224E-4569-B003-3CEE89F59AD5}"
EndProject
Project("{FAE04EC0-301F-11D3-BF4B-00C04F79EFBC}") = "HexadecimalToDecimal", "HexadecimalToDecimal\HexadecimalToDecimal.csproj", "{09461E6C-F0C2-4065-8432-6FE9F5C3BF5E}"
EndProject
Project("{FAE04EC0-301F-11D3-BF4B-00C04F79EFBC}") = "HexadecimalToBinary", "HexadecimalToBinary\HexadecimalToBinary.csproj", "{33F5957F-DB71-4CB2-A6CE-172553D05520}"
EndProject
Project("{FAE04EC0-301F-11D3-BF4B-00C04F79EFBC}") = "BinaryShort", "BinaryShort\BinaryShort.csproj", "{CCB0AFA0-476B-4D06-A9EF-78835E3A2B48}"
EndProject
Project("{FAE04EC0-301F-11D3-BF4B-00C04F79EFBC}") = "RandomNumbers", "RandomNumbers\RandomNumbers.csproj", "{325ED329-CC40-417E-94BF-4A93F0CFF2A9}"
EndProject
Project("{FAE04EC0-301F-11D3-BF4B-00C04F79EFBC}") = "DayOfWeek", "DayOfWeek\DayOfWeek.csproj", "{40AD265F-ADA1-4D4C-8940-0BD679571C91}"
EndProject
Project("{FAE04EC0-301F-11D3-BF4B-00C04F79EFBC}") = "SumIntegers", "SumIntegers\SumIntegers.csproj", "{5A7D8567-20BC-4582-83EC-B79C7542F1D1}"
EndProject
Project("{FAE04EC0-301F-11D3-BF4B-00C04F79EFBC}") = "BinaryToHexadecimal", "BinaryToHexadecimal\BinaryToHexadecimal.csproj", "{6208480B-0B68-4376-A2ED-C3A1CE36DDE9}"
EndProject
Project("{FAE04EC0-301F-11D3-BF4B-00C04F79EFBC}") = "OneSystemToAnyOther", "OneSystemToAnyOther\OneSystemToAnyOther.csproj", "{1C575DFC-909B-42C0-9C1E-D606BD34608F}"
EndProject
Project("{FAE04EC0-301F-11D3-BF4B-00C04F79EFBC}") = "BinaryFloatingPoint", "BinaryFloatingPoint\BinaryFloatingPoint.csproj", "{0E7621D5-68AD-4150-AE81-1954E99F2A11}"
EndProject
Project("{FAE04EC0-301F-11D3-BF4B-00C04F79EFBC}") = "LeapYear", "LeapYear\LeapYear.csproj", "{B6A51B3A-D046-4720-9B7C-D753FDB3AAC5}"
EndProject
Project("{FAE04EC0-301F-11D3-BF4B-00C04F79EFBC}") = "Workdays", "Workdays\Workdays.csproj", "{ADC88F4C-6CFF-4142-8D48-29BED80C0804}"
EndProject
Project("{FAE04EC0-301F-11D3-BF4B-00C04F79EFBC}") = "TriangleSurfaceBySideAndAltitude", "TriangleSurfaceBySideAndAltitude\TriangleSurfaceBySideAndAltitude.csproj", "{95191CF6-6B67-4D0C-8851-1FE6E0AEF992}"
EndProject
Project("{FAE04EC0-301F-11D3-BF4B-00C04F79EFBC}") = "TriangleSurfaceByThreeSides", "TriangleSurfaceByThreeSides\TriangleSurfaceByThreeSides.csproj", "{C51C4378-7CB2-4DBA-8B94-694F4C6F9B89}"
EndProject
Project("{FAE04EC0-301F-11D3-BF4B-00C04F79EFBC}") = "TriangleSurfaceByTwoSidesAndAnAngle", "TriangleSurfaceByTwoSidesAndAnAngle\TriangleSurfaceByTwoSidesAndAnAngle.csproj", "{BB6023ED-8F3C-4364-93A5-BD070ABE60D7}"
EndProject
Project("{FAE04EC0-301F-11D3-BF4B-00C04F79EFBC}") = "Task1Messages", "Task1Messages\Task1Messages.csproj", "{CC6D95A5-7A51-477B-8B9F-9B13B372F286}"
EndProject
Project("{FAE04EC0-301F-11D3-BF4B-00C04F79EFBC}") = "Task3BitShiftMatrix", "Task3BitShiftMatrix\Task3BitShiftMatrix.csproj", "{97D20BFF-51C0-40CB-8CC9-FA7E854F89BB}"
EndProject
Project("{FAE04EC0-301F-11D3-BF4B-00C04F79EFBC}") = "ReverseString", "ReverseString\ReverseString.csproj", "{BBDB50B5-1406-4C3A-92F1-7A8494195B7B}"
EndProject
Project("{FAE04EC0-301F-11D3-BF4B-00C04F79EFBC}") = "Task1BirdsAndFeathers", "Task1BirdsAndFeathers\Task1BirdsAndFeathers.csproj", "{AF28A51D-1868-427E-9527-1D0AFB47BFA3}"
EndProject
Project("{FAE04EC0-301F-11D3-BF4B-00C04F79EFBC}") = "Task2Buses", "Task2Buses\Task2Buses.csproj", "{3A0306D5-2782-4595-ACA7-DBF19080AC40}"
EndProject
Project("{FAE04EC0-301F-11D3-BF4B-00C04F79EFBC}") = "Task3NumberOfPages", "Task3NumberOfPages\Task3NumberOfPages.csproj", "{7EAB64E3-7C16-4783-A924-DC2A81CAB75C}"
EndProject
Project("{FAE04EC0-301F-11D3-BF4B-00C04F79EFBC}") = "Task5BobiAvokadoto", "Task5BobiAvokadoto\Task5BobiAvokadoto.csproj", "{B91F6791-EDE6-4147-A85D-BB2D1A5BF596}"
EndProject
Project("{FAE04EC0-301F-11D3-BF4B-00C04F79EFBC}") = "Task1MythicalNumbers", "Task1MythicalNumbers\Task1MythicalNumbers.csproj", "{A340B431-80EA-4431-990C-A898C018AE4E}"
EndProject
Project("{FAE04EC0-301F-11D3-BF4B-00C04F79EFBC}") = "Task4MixingNumbers", "Task4MixingNumbers\Task4MixingNumbers.csproj", "{133B2734-ED17-4125-9A0D-1A5F46BC9DE2}"
EndProject
Project("{FAE04EC0-301F-11D3-BF4B-00C04F79EFBC}") = "Task2JumpJump", "Task2JumpJump\Task2JumpJump.csproj", "{7A1E2C14-ACA3-4C3D-A8DB-C313022A4D7A}"
EndProject
Project("{FAE04EC0-301F-11D3-BF4B-00C04F79EFBC}") = "Task3HiddenMessage", "Task3HiddenMessage\Task3HiddenMessage.csproj", "{BDA1501F-4D4B-4EFB-8B9C-38ADEE0E461C}"
EndProject
Project("{FAE04EC0-301F-11D3-BF4B-00C04F79EFBC}") = "CorrectBrackets", "CorrectBrackets\CorrectBrackets.csproj", "{E3255A41-52E7-4F69-BFFA-B2C8AB23B80A}"
EndProject
Project("{FAE04EC0-301F-11D3-BF4B-00C04F79EFBC}") = "SubstringInText", "SubstringInText\SubstringInText.csproj", "{29829A19-B294-43F6-900C-AB1753F03D83}"
EndProject
Project("{FAE04EC0-301F-11D3-BF4B-00C04F79EFBC}") = "StringLength", "StringLength\StringLength.csproj", "{EE65194D-0302-4BEC-8905-C488DCA5562E}"
EndProject
Project("{FAE04EC0-301F-11D3-BF4B-00C04F79EFBC}") = "StringsInCSharp", "StringsInCSharp\StringsInCSharp.csproj", "{9217DA37-219D-4E20-9B44-0EE59AAEAD8D}"
EndProject
Project("{FAE04EC0-301F-11D3-BF4B-00C04F79EFBC}") = "ParseTags", "ParseTags\ParseTags.csproj", "{572F8A36-3BC7-45A5-8283-73666CC346AE}"
EndProject
Project("{FAE04EC0-301F-11D3-BF4B-00C04F79EFBC}") = "ExtractSentences", "ExtractSentences\ExtractSentences.csproj", "{B7A8363A-1494-45B7-BF03-D9F4D8594B4F}"
EndProject
Project("{FAE04EC0-301F-11D3-BF4B-00C04F79EFBC}") = "ForbiddenWords", "ForbiddenWords\ForbiddenWords.csproj", "{2F1505E8-0FB4-4997-A258-6D6B1EE7FB92}"
EndProject
Project("{FAE04EC0-301F-11D3-BF4B-00C04F79EFBC}") = "UnicodeCharacters", "UnicodeCharacters\UnicodeCharacters.csproj", "{35E00F04-5A2D-4CF4-9FE7-510F3C9CFC9E}"
EndProject
Project("{FAE04EC0-301F-11D3-BF4B-00C04F79EFBC}") = "WordDictionary", "WordDictionary\WordDictionary.csproj", "{9B56353F-A433-4DB2-8C37-CC37A7207721}"
EndProject
Project("{FAE04EC0-301F-11D3-BF4B-00C04F79EFBC}") = "FormatNumber", "FormatNumber\FormatNumber.csproj", "{8F26E3FC-3782-46C7-99A0-0AE9CF9E68F8}"
EndProject
Project("{FAE04EC0-301F-11D3-BF4B-00C04F79EFBC}") = "ParseURL", "ParseURL\ParseURL.csproj", "{D12C7C81-CA8D-4EB5-8E1B-9F4A76DAF103}"
EndProject
Project("{FAE04EC0-301F-11D3-BF4B-00C04F79EFBC}") = "ReverseSentence", "ReverseSentence\ReverseSentence.csproj", "{695045BA-5934-461F-9551-F5E453F83D59}"
EndProject
Project("{FAE04EC0-301F-11D3-BF4B-00C04F79EFBC}") = "ReplaceTags", "ReplaceTags\ReplaceTags.csproj", "{4A6ECB9A-6F0A-4324-8BEB-0C680AD55EAB}"
EndProject
Project("{FAE04EC0-301F-11D3-BF4B-00C04F79EFBC}") = "DateDifference", "DateDifference\DateDifference.csproj", "{DD265A2B-F239-49ED-8F51-62E52AF0735E}"
EndProject
Project("{FAE04EC0-301F-11D3-BF4B-00C04F79EFBC}") = "DateInBulgarian", "DateInBulgarian\DateInBulgarian.csproj", "{C453A7F5-09F4-4E24-92C8-53D41A5853C5}"
EndProject
Project("{FAE04EC0-301F-11D3-BF4B-00C04F79EFBC}") = "ExtractEmails", "ExtractEmails\ExtractEmails.csproj", "{09FBE65C-8668-429C-806D-757F8E3E1451}"
EndProject
Project("{FAE04EC0-301F-11D3-BF4B-00C04F79EFBC}") = "Palindromes", "Palindromes\Palindromes.csproj", "{E84C68A4-A07D-4AF2-91EB-BFAC3FCF08A6}"
EndProject
Project("{FAE04EC0-301F-11D3-BF4B-00C04F79EFBC}") = "LettersCount", "LettersCount\LettersCount.csproj", "{F83676A9-A688-4193-B75D-F632DC6FF8FD}"
EndProject
Project("{FAE04EC0-301F-11D3-BF4B-00C04F79EFBC}") = "WordsCount", "WordsCount\WordsCount.csproj", "{4F467E9A-53C1-498F-8BDE-C46941D69447}"
EndProject
Project("{FAE04EC0-301F-11D3-BF4B-00C04F79EFBC}") = "DatesFromTextInCanada", "DatesFromTextInCanada\DatesFromTextInCanada.csproj", "{903EEF1B-ACCD-4D01-8BAD-BCC8679FD289}"
EndProject
Project("{FAE04EC0-301F-11D3-BF4B-00C04F79EFBC}") = "SeriesfLetters", "SeriesfLetters\SeriesfLetters.csproj", "{5EFD0967-1018-44FE-AC02-874AF687F21C}"
EndProject
Project("{FAE04EC0-301F-11D3-BF4B-00C04F79EFBC}") = "OrderWords", "OrderWords\OrderWords.csproj", "{CA3AE763-ECF5-4D45-9B00-40D4FF3B7EBB}"
EndProject
Project("{FAE04EC0-301F-11D3-BF4B-00C04F79EFBC}") = "ExtractTextFromHTML", "ExtractTextFromHTML\ExtractTextFromHTML.csproj", "{8D2AAE93-C7BD-44C3-A76C-7AA3B010634D}"
EndProject
Project("{FAE04EC0-301F-11D3-BF4B-00C04F79EFBC}") = "EncodeDecode", "EncodeDecode\EncodeDecode.csproj", "{651055AD-7C4A-43A1-9D6C-951E242221D2}"
EndProject
Project("{FAE04EC0-301F-11D3-BF4B-00C04F79EFBC}") = "SquareRoot", "SquareRoot\SquareRoot.csproj", "{F805F8C4-FD3C-4915-B616-50CC06474432}"
EndProject
Project("{FAE04EC0-301F-11D3-BF4B-00C04F79EFBC}") = "EnterNumbers", "EnterNumbers\EnterNumbers.csproj", "{7117F698-6BE1-4F13-BD76-EE9B68144325}"
EndProject
Project("{FAE04EC0-301F-11D3-BF4B-00C04F79EFBC}") = "ReadFileContents", "ReadFileContents\ReadFileContents.csproj", "{546343B5-B529-4521-931B-180AEA5B011C}"
EndProject
Global
	GlobalSection(SolutionConfigurationPlatforms) = preSolution
		Debug|Any CPU = Debug|Any CPU
		Release|Any CPU = Release|Any CPU
	EndGlobalSection
	GlobalSection(ProjectConfigurationPlatforms) = postSolution
		{04595628-E0DF-4ECC-A8C1-8817C97F72B3}.Debug|Any CPU.ActiveCfg = Debug|Any CPU
		{04595628-E0DF-4ECC-A8C1-8817C97F72B3}.Debug|Any CPU.Build.0 = Debug|Any CPU
		{04595628-E0DF-4ECC-A8C1-8817C97F72B3}.Release|Any CPU.ActiveCfg = Release|Any CPU
		{04595628-E0DF-4ECC-A8C1-8817C97F72B3}.Release|Any CPU.Build.0 = Release|Any CPU
		{F9C013E5-049E-4E3E-A108-68DF42F6636F}.Debug|Any CPU.ActiveCfg = Debug|Any CPU
		{F9C013E5-049E-4E3E-A108-68DF42F6636F}.Debug|Any CPU.Build.0 = Debug|Any CPU
		{F9C013E5-049E-4E3E-A108-68DF42F6636F}.Release|Any CPU.ActiveCfg = Release|Any CPU
		{F9C013E5-049E-4E3E-A108-68DF42F6636F}.Release|Any CPU.Build.0 = Release|Any CPU
		{9BEB8FA1-9D8C-4617-B5B2-06BCCD7CD889}.Debug|Any CPU.ActiveCfg = Debug|Any CPU
		{9BEB8FA1-9D8C-4617-B5B2-06BCCD7CD889}.Debug|Any CPU.Build.0 = Debug|Any CPU
		{9BEB8FA1-9D8C-4617-B5B2-06BCCD7CD889}.Release|Any CPU.ActiveCfg = Release|Any CPU
		{9BEB8FA1-9D8C-4617-B5B2-06BCCD7CD889}.Release|Any CPU.Build.0 = Release|Any CPU
		{F62BBC98-57EB-4DC4-8BB7-D4CD61FCBD45}.Debug|Any CPU.ActiveCfg = Debug|Any CPU
		{F62BBC98-57EB-4DC4-8BB7-D4CD61FCBD45}.Debug|Any CPU.Build.0 = Debug|Any CPU
		{F62BBC98-57EB-4DC4-8BB7-D4CD61FCBD45}.Release|Any CPU.ActiveCfg = Release|Any CPU
		{F62BBC98-57EB-4DC4-8BB7-D4CD61FCBD45}.Release|Any CPU.Build.0 = Release|Any CPU
		{6E785A9B-6675-4EAE-B93F-ADD20FD0A345}.Debug|Any CPU.ActiveCfg = Debug|Any CPU
		{6E785A9B-6675-4EAE-B93F-ADD20FD0A345}.Debug|Any CPU.Build.0 = Debug|Any CPU
		{6E785A9B-6675-4EAE-B93F-ADD20FD0A345}.Release|Any CPU.ActiveCfg = Release|Any CPU
		{6E785A9B-6675-4EAE-B93F-ADD20FD0A345}.Release|Any CPU.Build.0 = Release|Any CPU
		{4D73E6F0-7D4F-4523-A2CC-A88562A3AD98}.Debug|Any CPU.ActiveCfg = Debug|Any CPU
		{4D73E6F0-7D4F-4523-A2CC-A88562A3AD98}.Debug|Any CPU.Build.0 = Debug|Any CPU
		{4D73E6F0-7D4F-4523-A2CC-A88562A3AD98}.Release|Any CPU.ActiveCfg = Release|Any CPU
		{4D73E6F0-7D4F-4523-A2CC-A88562A3AD98}.Release|Any CPU.Build.0 = Release|Any CPU
		{DF42F3E3-0928-4924-8ACF-D6FA1F1D0DEF}.Debug|Any CPU.ActiveCfg = Debug|Any CPU
		{DF42F3E3-0928-4924-8ACF-D6FA1F1D0DEF}.Debug|Any CPU.Build.0 = Debug|Any CPU
		{DF42F3E3-0928-4924-8ACF-D6FA1F1D0DEF}.Release|Any CPU.ActiveCfg = Release|Any CPU
		{DF42F3E3-0928-4924-8ACF-D6FA1F1D0DEF}.Release|Any CPU.Build.0 = Release|Any CPU
		{74574EE6-8B4B-4236-BAC2-04678E33A7CF}.Debug|Any CPU.ActiveCfg = Debug|Any CPU
		{74574EE6-8B4B-4236-BAC2-04678E33A7CF}.Debug|Any CPU.Build.0 = Debug|Any CPU
		{74574EE6-8B4B-4236-BAC2-04678E33A7CF}.Release|Any CPU.ActiveCfg = Release|Any CPU
		{74574EE6-8B4B-4236-BAC2-04678E33A7CF}.Release|Any CPU.Build.0 = Release|Any CPU
		{9350E9BB-B341-4758-9273-FB305CE74C97}.Debug|Any CPU.ActiveCfg = Debug|Any CPU
		{9350E9BB-B341-4758-9273-FB305CE74C97}.Debug|Any CPU.Build.0 = Debug|Any CPU
		{9350E9BB-B341-4758-9273-FB305CE74C97}.Release|Any CPU.ActiveCfg = Release|Any CPU
		{9350E9BB-B341-4758-9273-FB305CE74C97}.Release|Any CPU.Build.0 = Release|Any CPU
		{BE35C236-F4F4-4271-9AB1-FA75CAC4A20D}.Debug|Any CPU.ActiveCfg = Debug|Any CPU
		{BE35C236-F4F4-4271-9AB1-FA75CAC4A20D}.Debug|Any CPU.Build.0 = Debug|Any CPU
		{BE35C236-F4F4-4271-9AB1-FA75CAC4A20D}.Release|Any CPU.ActiveCfg = Release|Any CPU
		{BE35C236-F4F4-4271-9AB1-FA75CAC4A20D}.Release|Any CPU.Build.0 = Release|Any CPU
		{4783D2C2-2E88-494B-B0E6-17D50480C359}.Debug|Any CPU.ActiveCfg = Debug|Any CPU
		{4783D2C2-2E88-494B-B0E6-17D50480C359}.Debug|Any CPU.Build.0 = Debug|Any CPU
		{4783D2C2-2E88-494B-B0E6-17D50480C359}.Release|Any CPU.ActiveCfg = Release|Any CPU
		{4783D2C2-2E88-494B-B0E6-17D50480C359}.Release|Any CPU.Build.0 = Release|Any CPU
		{9BCBFAC6-8209-4FA9-BE89-BF337EDFA28E}.Debug|Any CPU.ActiveCfg = Debug|Any CPU
		{9BCBFAC6-8209-4FA9-BE89-BF337EDFA28E}.Debug|Any CPU.Build.0 = Debug|Any CPU
		{9BCBFAC6-8209-4FA9-BE89-BF337EDFA28E}.Release|Any CPU.ActiveCfg = Release|Any CPU
		{9BCBFAC6-8209-4FA9-BE89-BF337EDFA28E}.Release|Any CPU.Build.0 = Release|Any CPU
		{41813783-D9E4-41EE-8EBC-E7F296A4C661}.Debug|Any CPU.ActiveCfg = Debug|Any CPU
		{41813783-D9E4-41EE-8EBC-E7F296A4C661}.Debug|Any CPU.Build.0 = Debug|Any CPU
		{41813783-D9E4-41EE-8EBC-E7F296A4C661}.Release|Any CPU.ActiveCfg = Release|Any CPU
		{41813783-D9E4-41EE-8EBC-E7F296A4C661}.Release|Any CPU.Build.0 = Release|Any CPU
		{985EF86E-4087-4A3D-B6A1-F2A65853D61E}.Debug|Any CPU.ActiveCfg = Debug|Any CPU
		{985EF86E-4087-4A3D-B6A1-F2A65853D61E}.Debug|Any CPU.Build.0 = Debug|Any CPU
		{985EF86E-4087-4A3D-B6A1-F2A65853D61E}.Release|Any CPU.ActiveCfg = Release|Any CPU
		{985EF86E-4087-4A3D-B6A1-F2A65853D61E}.Release|Any CPU.Build.0 = Release|Any CPU
		{08981FCA-5433-4C39-BAF7-CC7017504888}.Debug|Any CPU.ActiveCfg = Debug|Any CPU
		{08981FCA-5433-4C39-BAF7-CC7017504888}.Debug|Any CPU.Build.0 = Debug|Any CPU
		{08981FCA-5433-4C39-BAF7-CC7017504888}.Release|Any CPU.ActiveCfg = Release|Any CPU
		{08981FCA-5433-4C39-BAF7-CC7017504888}.Release|Any CPU.Build.0 = Release|Any CPU
		{9F7967F7-6518-411A-8768-E8A47C274631}.Debug|Any CPU.ActiveCfg = Debug|Any CPU
		{9F7967F7-6518-411A-8768-E8A47C274631}.Debug|Any CPU.Build.0 = Debug|Any CPU
		{9F7967F7-6518-411A-8768-E8A47C274631}.Release|Any CPU.ActiveCfg = Release|Any CPU
		{9F7967F7-6518-411A-8768-E8A47C274631}.Release|Any CPU.Build.0 = Release|Any CPU
		{5998042C-BB12-4BC7-908D-2958AD03709C}.Debug|Any CPU.ActiveCfg = Debug|Any CPU
		{5998042C-BB12-4BC7-908D-2958AD03709C}.Debug|Any CPU.Build.0 = Debug|Any CPU
		{5998042C-BB12-4BC7-908D-2958AD03709C}.Release|Any CPU.ActiveCfg = Release|Any CPU
		{5998042C-BB12-4BC7-908D-2958AD03709C}.Release|Any CPU.Build.0 = Release|Any CPU
		{6479147D-F017-4BFD-9112-18D04D914F01}.Debug|Any CPU.ActiveCfg = Debug|Any CPU
		{6479147D-F017-4BFD-9112-18D04D914F01}.Debug|Any CPU.Build.0 = Debug|Any CPU
		{6479147D-F017-4BFD-9112-18D04D914F01}.Release|Any CPU.ActiveCfg = Release|Any CPU
		{6479147D-F017-4BFD-9112-18D04D914F01}.Release|Any CPU.Build.0 = Release|Any CPU
		{4AA2E5B4-52B7-4634-81D9-6894FD561462}.Debug|Any CPU.ActiveCfg = Debug|Any CPU
		{4AA2E5B4-52B7-4634-81D9-6894FD561462}.Debug|Any CPU.Build.0 = Debug|Any CPU
		{4AA2E5B4-52B7-4634-81D9-6894FD561462}.Release|Any CPU.ActiveCfg = Release|Any CPU
		{4AA2E5B4-52B7-4634-81D9-6894FD561462}.Release|Any CPU.Build.0 = Release|Any CPU
		{2AAE549A-30EC-44CF-B3D7-892612BB629F}.Debug|Any CPU.ActiveCfg = Debug|Any CPU
		{2AAE549A-30EC-44CF-B3D7-892612BB629F}.Debug|Any CPU.Build.0 = Debug|Any CPU
		{2AAE549A-30EC-44CF-B3D7-892612BB629F}.Release|Any CPU.ActiveCfg = Release|Any CPU
		{2AAE549A-30EC-44CF-B3D7-892612BB629F}.Release|Any CPU.Build.0 = Release|Any CPU
		{E3F42A34-55FB-4AC3-9FB8-49D42699518E}.Debug|Any CPU.ActiveCfg = Debug|Any CPU
		{E3F42A34-55FB-4AC3-9FB8-49D42699518E}.Debug|Any CPU.Build.0 = Debug|Any CPU
		{E3F42A34-55FB-4AC3-9FB8-49D42699518E}.Release|Any CPU.ActiveCfg = Release|Any CPU
		{E3F42A34-55FB-4AC3-9FB8-49D42699518E}.Release|Any CPU.Build.0 = Release|Any CPU
		{72291BAA-038B-44A7-94D8-F4527EBECD1A}.Debug|Any CPU.ActiveCfg = Debug|Any CPU
		{72291BAA-038B-44A7-94D8-F4527EBECD1A}.Debug|Any CPU.Build.0 = Debug|Any CPU
		{72291BAA-038B-44A7-94D8-F4527EBECD1A}.Release|Any CPU.ActiveCfg = Release|Any CPU
		{72291BAA-038B-44A7-94D8-F4527EBECD1A}.Release|Any CPU.Build.0 = Release|Any CPU
		{3808ECFC-6480-43F1-9E76-1479F9FE5A8F}.Debug|Any CPU.ActiveCfg = Debug|Any CPU
		{3808ECFC-6480-43F1-9E76-1479F9FE5A8F}.Debug|Any CPU.Build.0 = Debug|Any CPU
		{3808ECFC-6480-43F1-9E76-1479F9FE5A8F}.Release|Any CPU.ActiveCfg = Release|Any CPU
		{3808ECFC-6480-43F1-9E76-1479F9FE5A8F}.Release|Any CPU.Build.0 = Release|Any CPU
		{A1D3AA2F-1D51-4F0B-A464-9898391C2E0B}.Debug|Any CPU.ActiveCfg = Debug|Any CPU
		{A1D3AA2F-1D51-4F0B-A464-9898391C2E0B}.Debug|Any CPU.Build.0 = Debug|Any CPU
		{A1D3AA2F-1D51-4F0B-A464-9898391C2E0B}.Release|Any CPU.ActiveCfg = Release|Any CPU
		{A1D3AA2F-1D51-4F0B-A464-9898391C2E0B}.Release|Any CPU.Build.0 = Release|Any CPU
		{DF3E535B-B0D0-4AF8-BEA1-C2EBDEDB7F0D}.Debug|Any CPU.ActiveCfg = Debug|Any CPU
		{DF3E535B-B0D0-4AF8-BEA1-C2EBDEDB7F0D}.Debug|Any CPU.Build.0 = Debug|Any CPU
		{DF3E535B-B0D0-4AF8-BEA1-C2EBDEDB7F0D}.Release|Any CPU.ActiveCfg = Release|Any CPU
		{DF3E535B-B0D0-4AF8-BEA1-C2EBDEDB7F0D}.Release|Any CPU.Build.0 = Release|Any CPU
		{B7FBE25D-02C0-42F5-B5E0-6C0783CEB49F}.Debug|Any CPU.ActiveCfg = Debug|Any CPU
		{B7FBE25D-02C0-42F5-B5E0-6C0783CEB49F}.Debug|Any CPU.Build.0 = Debug|Any CPU
		{B7FBE25D-02C0-42F5-B5E0-6C0783CEB49F}.Release|Any CPU.ActiveCfg = Release|Any CPU
		{B7FBE25D-02C0-42F5-B5E0-6C0783CEB49F}.Release|Any CPU.Build.0 = Release|Any CPU
		{DA97D559-1694-4754-B1A6-47CA5AABE0ED}.Debug|Any CPU.ActiveCfg = Debug|Any CPU
		{DA97D559-1694-4754-B1A6-47CA5AABE0ED}.Debug|Any CPU.Build.0 = Debug|Any CPU
		{DA97D559-1694-4754-B1A6-47CA5AABE0ED}.Release|Any CPU.ActiveCfg = Release|Any CPU
		{DA97D559-1694-4754-B1A6-47CA5AABE0ED}.Release|Any CPU.Build.0 = Release|Any CPU
		{E88E6978-CA65-4917-BBBE-EE9A48FACF58}.Debug|Any CPU.ActiveCfg = Debug|Any CPU
		{E88E6978-CA65-4917-BBBE-EE9A48FACF58}.Debug|Any CPU.Build.0 = Debug|Any CPU
		{E88E6978-CA65-4917-BBBE-EE9A48FACF58}.Release|Any CPU.ActiveCfg = Release|Any CPU
		{E88E6978-CA65-4917-BBBE-EE9A48FACF58}.Release|Any CPU.Build.0 = Release|Any CPU
		{82794D80-C281-4DEA-B496-85188857493F}.Debug|Any CPU.ActiveCfg = Debug|Any CPU
		{82794D80-C281-4DEA-B496-85188857493F}.Debug|Any CPU.Build.0 = Debug|Any CPU
		{82794D80-C281-4DEA-B496-85188857493F}.Release|Any CPU.ActiveCfg = Release|Any CPU
		{82794D80-C281-4DEA-B496-85188857493F}.Release|Any CPU.Build.0 = Release|Any CPU
		{2A2E8B43-DAC0-4966-BC71-AD1384EFAD0F}.Debug|Any CPU.ActiveCfg = Debug|Any CPU
		{2A2E8B43-DAC0-4966-BC71-AD1384EFAD0F}.Debug|Any CPU.Build.0 = Debug|Any CPU
		{2A2E8B43-DAC0-4966-BC71-AD1384EFAD0F}.Release|Any CPU.ActiveCfg = Release|Any CPU
		{2A2E8B43-DAC0-4966-BC71-AD1384EFAD0F}.Release|Any CPU.Build.0 = Release|Any CPU
		{C8FED286-9E04-4ECC-AD08-76B10D7F87FA}.Debug|Any CPU.ActiveCfg = Debug|Any CPU
		{C8FED286-9E04-4ECC-AD08-76B10D7F87FA}.Debug|Any CPU.Build.0 = Debug|Any CPU
		{C8FED286-9E04-4ECC-AD08-76B10D7F87FA}.Release|Any CPU.ActiveCfg = Release|Any CPU
		{C8FED286-9E04-4ECC-AD08-76B10D7F87FA}.Release|Any CPU.Build.0 = Release|Any CPU
		{A484AE58-3B24-4872-9CC5-4135798B62FE}.Debug|Any CPU.ActiveCfg = Debug|Any CPU
		{A484AE58-3B24-4872-9CC5-4135798B62FE}.Debug|Any CPU.Build.0 = Debug|Any CPU
		{A484AE58-3B24-4872-9CC5-4135798B62FE}.Release|Any CPU.ActiveCfg = Release|Any CPU
		{A484AE58-3B24-4872-9CC5-4135798B62FE}.Release|Any CPU.Build.0 = Release|Any CPU
		{19D42DBC-C780-43D7-B8B7-5A7CA1BE3D01}.Debug|Any CPU.ActiveCfg = Debug|Any CPU
		{19D42DBC-C780-43D7-B8B7-5A7CA1BE3D01}.Debug|Any CPU.Build.0 = Debug|Any CPU
		{19D42DBC-C780-43D7-B8B7-5A7CA1BE3D01}.Release|Any CPU.ActiveCfg = Release|Any CPU
		{19D42DBC-C780-43D7-B8B7-5A7CA1BE3D01}.Release|Any CPU.Build.0 = Release|Any CPU
		{54C4E737-6A19-4D53-85C8-ABCBDC728D8F}.Debug|Any CPU.ActiveCfg = Debug|Any CPU
		{54C4E737-6A19-4D53-85C8-ABCBDC728D8F}.Debug|Any CPU.Build.0 = Debug|Any CPU
		{54C4E737-6A19-4D53-85C8-ABCBDC728D8F}.Release|Any CPU.ActiveCfg = Release|Any CPU
		{54C4E737-6A19-4D53-85C8-ABCBDC728D8F}.Release|Any CPU.Build.0 = Release|Any CPU
		{B6B1C695-8E7E-4551-926E-851D03C64939}.Debug|Any CPU.ActiveCfg = Debug|Any CPU
		{B6B1C695-8E7E-4551-926E-851D03C64939}.Debug|Any CPU.Build.0 = Debug|Any CPU
		{B6B1C695-8E7E-4551-926E-851D03C64939}.Release|Any CPU.ActiveCfg = Release|Any CPU
		{B6B1C695-8E7E-4551-926E-851D03C64939}.Release|Any CPU.Build.0 = Release|Any CPU
		{0DA8D775-0367-4132-8913-54A978C73B58}.Debug|Any CPU.ActiveCfg = Debug|Any CPU
		{0DA8D775-0367-4132-8913-54A978C73B58}.Debug|Any CPU.Build.0 = Debug|Any CPU
		{0DA8D775-0367-4132-8913-54A978C73B58}.Release|Any CPU.ActiveCfg = Release|Any CPU
		{0DA8D775-0367-4132-8913-54A978C73B58}.Release|Any CPU.Build.0 = Release|Any CPU
		{CB6258EF-1B34-4000-956D-310825E05236}.Debug|Any CPU.ActiveCfg = Debug|Any CPU
		{CB6258EF-1B34-4000-956D-310825E05236}.Debug|Any CPU.Build.0 = Debug|Any CPU
		{CB6258EF-1B34-4000-956D-310825E05236}.Release|Any CPU.ActiveCfg = Release|Any CPU
		{CB6258EF-1B34-4000-956D-310825E05236}.Release|Any CPU.Build.0 = Release|Any CPU
		{409A8E61-7E88-4508-AE3C-881C1A2B8D72}.Debug|Any CPU.ActiveCfg = Debug|Any CPU
		{409A8E61-7E88-4508-AE3C-881C1A2B8D72}.Debug|Any CPU.Build.0 = Debug|Any CPU
		{409A8E61-7E88-4508-AE3C-881C1A2B8D72}.Release|Any CPU.ActiveCfg = Release|Any CPU
		{409A8E61-7E88-4508-AE3C-881C1A2B8D72}.Release|Any CPU.Build.0 = Release|Any CPU
		{AD20F7BA-2E47-4ED2-9279-4DDAC49DBE8D}.Debug|Any CPU.ActiveCfg = Debug|Any CPU
		{AD20F7BA-2E47-4ED2-9279-4DDAC49DBE8D}.Debug|Any CPU.Build.0 = Debug|Any CPU
		{AD20F7BA-2E47-4ED2-9279-4DDAC49DBE8D}.Release|Any CPU.ActiveCfg = Release|Any CPU
		{AD20F7BA-2E47-4ED2-9279-4DDAC49DBE8D}.Release|Any CPU.Build.0 = Release|Any CPU
		{908F8709-BCCF-44C1-9167-88965F71C39A}.Debug|Any CPU.ActiveCfg = Debug|Any CPU
		{908F8709-BCCF-44C1-9167-88965F71C39A}.Debug|Any CPU.Build.0 = Debug|Any CPU
		{908F8709-BCCF-44C1-9167-88965F71C39A}.Release|Any CPU.ActiveCfg = Release|Any CPU
		{908F8709-BCCF-44C1-9167-88965F71C39A}.Release|Any CPU.Build.0 = Release|Any CPU
		{AEF12A15-CBB8-496C-AB75-061B538A63E9}.Debug|Any CPU.ActiveCfg = Debug|Any CPU
		{AEF12A15-CBB8-496C-AB75-061B538A63E9}.Debug|Any CPU.Build.0 = Debug|Any CPU
		{AEF12A15-CBB8-496C-AB75-061B538A63E9}.Release|Any CPU.ActiveCfg = Release|Any CPU
		{AEF12A15-CBB8-496C-AB75-061B538A63E9}.Release|Any CPU.Build.0 = Release|Any CPU
		{5CB3AC78-A544-46C7-A4E7-50EE2AF946DE}.Debug|Any CPU.ActiveCfg = Debug|Any CPU
		{5CB3AC78-A544-46C7-A4E7-50EE2AF946DE}.Debug|Any CPU.Build.0 = Debug|Any CPU
		{5CB3AC78-A544-46C7-A4E7-50EE2AF946DE}.Release|Any CPU.ActiveCfg = Release|Any CPU
		{5CB3AC78-A544-46C7-A4E7-50EE2AF946DE}.Release|Any CPU.Build.0 = Release|Any CPU
		{70AA3BDD-410A-4B6C-BD23-1603E38B1066}.Debug|Any CPU.ActiveCfg = Debug|Any CPU
		{70AA3BDD-410A-4B6C-BD23-1603E38B1066}.Debug|Any CPU.Build.0 = Debug|Any CPU
		{70AA3BDD-410A-4B6C-BD23-1603E38B1066}.Release|Any CPU.ActiveCfg = Release|Any CPU
		{70AA3BDD-410A-4B6C-BD23-1603E38B1066}.Release|Any CPU.Build.0 = Release|Any CPU
		{98BF5EFD-BD77-4599-AE97-AF57E78987A0}.Debug|Any CPU.ActiveCfg = Debug|Any CPU
		{98BF5EFD-BD77-4599-AE97-AF57E78987A0}.Debug|Any CPU.Build.0 = Debug|Any CPU
		{98BF5EFD-BD77-4599-AE97-AF57E78987A0}.Release|Any CPU.ActiveCfg = Release|Any CPU
		{98BF5EFD-BD77-4599-AE97-AF57E78987A0}.Release|Any CPU.Build.0 = Release|Any CPU
		{C655F9AE-3AFC-4EB2-A219-2F387347244E}.Debug|Any CPU.ActiveCfg = Debug|Any CPU
		{C655F9AE-3AFC-4EB2-A219-2F387347244E}.Debug|Any CPU.Build.0 = Debug|Any CPU
		{C655F9AE-3AFC-4EB2-A219-2F387347244E}.Release|Any CPU.ActiveCfg = Release|Any CPU
		{C655F9AE-3AFC-4EB2-A219-2F387347244E}.Release|Any CPU.Build.0 = Release|Any CPU
		{56B2DAAE-3EA4-451D-9ED5-08C4ED8ABA74}.Debug|Any CPU.ActiveCfg = Debug|Any CPU
		{56B2DAAE-3EA4-451D-9ED5-08C4ED8ABA74}.Debug|Any CPU.Build.0 = Debug|Any CPU
		{56B2DAAE-3EA4-451D-9ED5-08C4ED8ABA74}.Release|Any CPU.ActiveCfg = Release|Any CPU
		{56B2DAAE-3EA4-451D-9ED5-08C4ED8ABA74}.Release|Any CPU.Build.0 = Release|Any CPU
		{516FAEAD-08C7-45A2-986E-5D8B8A54E4C8}.Debug|Any CPU.ActiveCfg = Debug|Any CPU
		{516FAEAD-08C7-45A2-986E-5D8B8A54E4C8}.Debug|Any CPU.Build.0 = Debug|Any CPU
		{516FAEAD-08C7-45A2-986E-5D8B8A54E4C8}.Release|Any CPU.ActiveCfg = Release|Any CPU
		{516FAEAD-08C7-45A2-986E-5D8B8A54E4C8}.Release|Any CPU.Build.0 = Release|Any CPU
		{1E95DCC8-8F7A-468E-9269-CFE0B3F2FA87}.Debug|Any CPU.ActiveCfg = Debug|Any CPU
		{1E95DCC8-8F7A-468E-9269-CFE0B3F2FA87}.Debug|Any CPU.Build.0 = Debug|Any CPU
		{1E95DCC8-8F7A-468E-9269-CFE0B3F2FA87}.Release|Any CPU.ActiveCfg = Release|Any CPU
		{1E95DCC8-8F7A-468E-9269-CFE0B3F2FA87}.Release|Any CPU.Build.0 = Release|Any CPU
		{2B2D2B89-E682-4BAD-948C-4DDA13DDF70E}.Debug|Any CPU.ActiveCfg = Debug|Any CPU
		{2B2D2B89-E682-4BAD-948C-4DDA13DDF70E}.Debug|Any CPU.Build.0 = Debug|Any CPU
		{2B2D2B89-E682-4BAD-948C-4DDA13DDF70E}.Release|Any CPU.ActiveCfg = Release|Any CPU
		{2B2D2B89-E682-4BAD-948C-4DDA13DDF70E}.Release|Any CPU.Build.0 = Release|Any CPU
		{D45AD706-F192-43A7-B577-CF0F39BE6CA6}.Debug|Any CPU.ActiveCfg = Debug|Any CPU
		{D45AD706-F192-43A7-B577-CF0F39BE6CA6}.Debug|Any CPU.Build.0 = Debug|Any CPU
		{D45AD706-F192-43A7-B577-CF0F39BE6CA6}.Release|Any CPU.ActiveCfg = Release|Any CPU
		{D45AD706-F192-43A7-B577-CF0F39BE6CA6}.Release|Any CPU.Build.0 = Release|Any CPU
		{1577E04F-A936-4B89-A9F0-B0BBC14CFB6B}.Debug|Any CPU.ActiveCfg = Debug|Any CPU
		{1577E04F-A936-4B89-A9F0-B0BBC14CFB6B}.Debug|Any CPU.Build.0 = Debug|Any CPU
		{1577E04F-A936-4B89-A9F0-B0BBC14CFB6B}.Release|Any CPU.ActiveCfg = Release|Any CPU
		{1577E04F-A936-4B89-A9F0-B0BBC14CFB6B}.Release|Any CPU.Build.0 = Release|Any CPU
		{10B05F7A-86B9-4C2A-BF25-436B69D922D9}.Debug|Any CPU.ActiveCfg = Debug|Any CPU
		{10B05F7A-86B9-4C2A-BF25-436B69D922D9}.Debug|Any CPU.Build.0 = Debug|Any CPU
		{10B05F7A-86B9-4C2A-BF25-436B69D922D9}.Release|Any CPU.ActiveCfg = Release|Any CPU
		{10B05F7A-86B9-4C2A-BF25-436B69D922D9}.Release|Any CPU.Build.0 = Release|Any CPU
		{97BE212B-7A94-436C-8A6A-D1752F594362}.Debug|Any CPU.ActiveCfg = Debug|Any CPU
		{97BE212B-7A94-436C-8A6A-D1752F594362}.Debug|Any CPU.Build.0 = Debug|Any CPU
		{97BE212B-7A94-436C-8A6A-D1752F594362}.Release|Any CPU.ActiveCfg = Release|Any CPU
		{97BE212B-7A94-436C-8A6A-D1752F594362}.Release|Any CPU.Build.0 = Release|Any CPU
		{55A81306-5F86-4BF6-B6F5-1386F277202E}.Debug|Any CPU.ActiveCfg = Debug|Any CPU
		{55A81306-5F86-4BF6-B6F5-1386F277202E}.Debug|Any CPU.Build.0 = Debug|Any CPU
		{55A81306-5F86-4BF6-B6F5-1386F277202E}.Release|Any CPU.ActiveCfg = Release|Any CPU
		{55A81306-5F86-4BF6-B6F5-1386F277202E}.Release|Any CPU.Build.0 = Release|Any CPU
		{167EC1BD-1000-474E-8611-00DC8F153FF6}.Debug|Any CPU.ActiveCfg = Debug|Any CPU
		{167EC1BD-1000-474E-8611-00DC8F153FF6}.Debug|Any CPU.Build.0 = Debug|Any CPU
		{167EC1BD-1000-474E-8611-00DC8F153FF6}.Release|Any CPU.ActiveCfg = Release|Any CPU
		{167EC1BD-1000-474E-8611-00DC8F153FF6}.Release|Any CPU.Build.0 = Release|Any CPU
		{441B823A-AD4D-40CC-946D-729F4C46FEC4}.Debug|Any CPU.ActiveCfg = Debug|Any CPU
		{441B823A-AD4D-40CC-946D-729F4C46FEC4}.Debug|Any CPU.Build.0 = Debug|Any CPU
		{441B823A-AD4D-40CC-946D-729F4C46FEC4}.Release|Any CPU.ActiveCfg = Release|Any CPU
		{441B823A-AD4D-40CC-946D-729F4C46FEC4}.Release|Any CPU.Build.0 = Release|Any CPU
		{B0912711-C710-4FBA-A180-4901AD64C7B0}.Debug|Any CPU.ActiveCfg = Debug|Any CPU
		{B0912711-C710-4FBA-A180-4901AD64C7B0}.Debug|Any CPU.Build.0 = Debug|Any CPU
		{B0912711-C710-4FBA-A180-4901AD64C7B0}.Release|Any CPU.ActiveCfg = Release|Any CPU
		{B0912711-C710-4FBA-A180-4901AD64C7B0}.Release|Any CPU.Build.0 = Release|Any CPU
		{8E7EFFAB-7D92-4385-8CC8-EF3BCE5AFE93}.Debug|Any CPU.ActiveCfg = Debug|Any CPU
		{8E7EFFAB-7D92-4385-8CC8-EF3BCE5AFE93}.Debug|Any CPU.Build.0 = Debug|Any CPU
		{8E7EFFAB-7D92-4385-8CC8-EF3BCE5AFE93}.Release|Any CPU.ActiveCfg = Release|Any CPU
		{8E7EFFAB-7D92-4385-8CC8-EF3BCE5AFE93}.Release|Any CPU.Build.0 = Release|Any CPU
		{62115137-6A32-4E2E-8871-E40F01183862}.Debug|Any CPU.ActiveCfg = Debug|Any CPU
		{62115137-6A32-4E2E-8871-E40F01183862}.Debug|Any CPU.Build.0 = Debug|Any CPU
		{62115137-6A32-4E2E-8871-E40F01183862}.Release|Any CPU.ActiveCfg = Release|Any CPU
		{62115137-6A32-4E2E-8871-E40F01183862}.Release|Any CPU.Build.0 = Release|Any CPU
		{3FA19A32-D29A-4EC7-AB1D-B3E6D3EE8696}.Debug|Any CPU.ActiveCfg = Debug|Any CPU
		{3FA19A32-D29A-4EC7-AB1D-B3E6D3EE8696}.Debug|Any CPU.Build.0 = Debug|Any CPU
		{3FA19A32-D29A-4EC7-AB1D-B3E6D3EE8696}.Release|Any CPU.ActiveCfg = Release|Any CPU
		{3FA19A32-D29A-4EC7-AB1D-B3E6D3EE8696}.Release|Any CPU.Build.0 = Release|Any CPU
		{F85CF08A-7C22-44A6-8B68-8748609FABB4}.Debug|Any CPU.ActiveCfg = Debug|Any CPU
		{F85CF08A-7C22-44A6-8B68-8748609FABB4}.Debug|Any CPU.Build.0 = Debug|Any CPU
		{F85CF08A-7C22-44A6-8B68-8748609FABB4}.Release|Any CPU.ActiveCfg = Release|Any CPU
		{F85CF08A-7C22-44A6-8B68-8748609FABB4}.Release|Any CPU.Build.0 = Release|Any CPU
		{E9B1122A-94DD-43A2-8372-8F4A1E6CA1F2}.Debug|Any CPU.ActiveCfg = Debug|Any CPU
		{E9B1122A-94DD-43A2-8372-8F4A1E6CA1F2}.Debug|Any CPU.Build.0 = Debug|Any CPU
		{E9B1122A-94DD-43A2-8372-8F4A1E6CA1F2}.Release|Any CPU.ActiveCfg = Release|Any CPU
		{E9B1122A-94DD-43A2-8372-8F4A1E6CA1F2}.Release|Any CPU.Build.0 = Release|Any CPU
		{71790D63-F75B-4666-A16C-2D270ED656EA}.Debug|Any CPU.ActiveCfg = Debug|Any CPU
		{71790D63-F75B-4666-A16C-2D270ED656EA}.Debug|Any CPU.Build.0 = Debug|Any CPU
		{71790D63-F75B-4666-A16C-2D270ED656EA}.Release|Any CPU.ActiveCfg = Release|Any CPU
		{71790D63-F75B-4666-A16C-2D270ED656EA}.Release|Any CPU.Build.0 = Release|Any CPU
		{7A8CB016-F09A-4B02-9AF6-8EDE65D592F0}.Debug|Any CPU.ActiveCfg = Debug|Any CPU
		{7A8CB016-F09A-4B02-9AF6-8EDE65D592F0}.Debug|Any CPU.Build.0 = Debug|Any CPU
		{7A8CB016-F09A-4B02-9AF6-8EDE65D592F0}.Release|Any CPU.ActiveCfg = Release|Any CPU
		{7A8CB016-F09A-4B02-9AF6-8EDE65D592F0}.Release|Any CPU.Build.0 = Release|Any CPU
		{27CCA6A6-65EF-4D25-B27D-FA8D10196B25}.Debug|Any CPU.ActiveCfg = Debug|Any CPU
		{27CCA6A6-65EF-4D25-B27D-FA8D10196B25}.Debug|Any CPU.Build.0 = Debug|Any CPU
		{27CCA6A6-65EF-4D25-B27D-FA8D10196B25}.Release|Any CPU.ActiveCfg = Release|Any CPU
		{27CCA6A6-65EF-4D25-B27D-FA8D10196B25}.Release|Any CPU.Build.0 = Release|Any CPU
		{8DB5526B-E0B0-40C7-9B71-8019B2ACDDB6}.Debug|Any CPU.ActiveCfg = Debug|Any CPU
		{8DB5526B-E0B0-40C7-9B71-8019B2ACDDB6}.Debug|Any CPU.Build.0 = Debug|Any CPU
		{8DB5526B-E0B0-40C7-9B71-8019B2ACDDB6}.Release|Any CPU.ActiveCfg = Release|Any CPU
		{8DB5526B-E0B0-40C7-9B71-8019B2ACDDB6}.Release|Any CPU.Build.0 = Release|Any CPU
		{D7A16FBD-192D-4D2E-8391-AE4E956E90FB}.Debug|Any CPU.ActiveCfg = Debug|Any CPU
		{D7A16FBD-192D-4D2E-8391-AE4E956E90FB}.Debug|Any CPU.Build.0 = Debug|Any CPU
		{D7A16FBD-192D-4D2E-8391-AE4E956E90FB}.Release|Any CPU.ActiveCfg = Release|Any CPU
		{D7A16FBD-192D-4D2E-8391-AE4E956E90FB}.Release|Any CPU.Build.0 = Release|Any CPU
		{9B0BA57D-AE7C-40C7-8622-91EB49B61847}.Debug|Any CPU.ActiveCfg = Debug|Any CPU
		{9B0BA57D-AE7C-40C7-8622-91EB49B61847}.Debug|Any CPU.Build.0 = Debug|Any CPU
		{9B0BA57D-AE7C-40C7-8622-91EB49B61847}.Release|Any CPU.ActiveCfg = Release|Any CPU
		{9B0BA57D-AE7C-40C7-8622-91EB49B61847}.Release|Any CPU.Build.0 = Release|Any CPU
		{D5570002-84E4-4208-A776-822AF1878A98}.Debug|Any CPU.ActiveCfg = Debug|Any CPU
		{D5570002-84E4-4208-A776-822AF1878A98}.Debug|Any CPU.Build.0 = Debug|Any CPU
		{D5570002-84E4-4208-A776-822AF1878A98}.Release|Any CPU.ActiveCfg = Release|Any CPU
		{D5570002-84E4-4208-A776-822AF1878A98}.Release|Any CPU.Build.0 = Release|Any CPU
		{006D4FC2-E1F6-4460-B89D-4F763CC73C7F}.Debug|Any CPU.ActiveCfg = Debug|Any CPU
		{006D4FC2-E1F6-4460-B89D-4F763CC73C7F}.Debug|Any CPU.Build.0 = Debug|Any CPU
		{006D4FC2-E1F6-4460-B89D-4F763CC73C7F}.Release|Any CPU.ActiveCfg = Release|Any CPU
		{006D4FC2-E1F6-4460-B89D-4F763CC73C7F}.Release|Any CPU.Build.0 = Release|Any CPU
		{B2F309BF-4633-4581-B153-DB43E5E39BD1}.Debug|Any CPU.ActiveCfg = Debug|Any CPU
		{B2F309BF-4633-4581-B153-DB43E5E39BD1}.Debug|Any CPU.Build.0 = Debug|Any CPU
		{B2F309BF-4633-4581-B153-DB43E5E39BD1}.Release|Any CPU.ActiveCfg = Release|Any CPU
		{B2F309BF-4633-4581-B153-DB43E5E39BD1}.Release|Any CPU.Build.0 = Release|Any CPU
		{F84C80CF-D74D-43ED-8D17-015864979DAE}.Debug|Any CPU.ActiveCfg = Debug|Any CPU
		{F84C80CF-D74D-43ED-8D17-015864979DAE}.Debug|Any CPU.Build.0 = Debug|Any CPU
		{F84C80CF-D74D-43ED-8D17-015864979DAE}.Release|Any CPU.ActiveCfg = Release|Any CPU
		{F84C80CF-D74D-43ED-8D17-015864979DAE}.Release|Any CPU.Build.0 = Release|Any CPU
		{D7DA4CF4-8B82-4FFE-85BE-AC3DE1CA205C}.Debug|Any CPU.ActiveCfg = Debug|Any CPU
		{D7DA4CF4-8B82-4FFE-85BE-AC3DE1CA205C}.Debug|Any CPU.Build.0 = Debug|Any CPU
		{D7DA4CF4-8B82-4FFE-85BE-AC3DE1CA205C}.Release|Any CPU.ActiveCfg = Release|Any CPU
		{D7DA4CF4-8B82-4FFE-85BE-AC3DE1CA205C}.Release|Any CPU.Build.0 = Release|Any CPU
		{F79C2037-2050-407F-A061-DDC4EF38A316}.Debug|Any CPU.ActiveCfg = Debug|Any CPU
		{F79C2037-2050-407F-A061-DDC4EF38A316}.Debug|Any CPU.Build.0 = Debug|Any CPU
		{F79C2037-2050-407F-A061-DDC4EF38A316}.Release|Any CPU.ActiveCfg = Release|Any CPU
		{F79C2037-2050-407F-A061-DDC4EF38A316}.Release|Any CPU.Build.0 = Release|Any CPU
		{8E03986D-F44D-450C-AE11-4E90F62B81BB}.Debug|Any CPU.ActiveCfg = Debug|Any CPU
		{8E03986D-F44D-450C-AE11-4E90F62B81BB}.Debug|Any CPU.Build.0 = Debug|Any CPU
		{8E03986D-F44D-450C-AE11-4E90F62B81BB}.Release|Any CPU.ActiveCfg = Release|Any CPU
		{8E03986D-F44D-450C-AE11-4E90F62B81BB}.Release|Any CPU.Build.0 = Release|Any CPU
		{9DC290C6-0DDF-4905-A1A3-A5AB2DC9B4E3}.Debug|Any CPU.ActiveCfg = Debug|Any CPU
		{9DC290C6-0DDF-4905-A1A3-A5AB2DC9B4E3}.Debug|Any CPU.Build.0 = Debug|Any CPU
		{9DC290C6-0DDF-4905-A1A3-A5AB2DC9B4E3}.Release|Any CPU.ActiveCfg = Release|Any CPU
		{9DC290C6-0DDF-4905-A1A3-A5AB2DC9B4E3}.Release|Any CPU.Build.0 = Release|Any CPU
		{77797463-35BD-4F47-B245-2FD7DC6F1538}.Debug|Any CPU.ActiveCfg = Debug|Any CPU
		{77797463-35BD-4F47-B245-2FD7DC6F1538}.Debug|Any CPU.Build.0 = Debug|Any CPU
		{77797463-35BD-4F47-B245-2FD7DC6F1538}.Release|Any CPU.ActiveCfg = Release|Any CPU
		{77797463-35BD-4F47-B245-2FD7DC6F1538}.Release|Any CPU.Build.0 = Release|Any CPU
		{2C4A461F-ED66-4478-9AE5-3C52D75B29FD}.Debug|Any CPU.ActiveCfg = Debug|Any CPU
		{2C4A461F-ED66-4478-9AE5-3C52D75B29FD}.Debug|Any CPU.Build.0 = Debug|Any CPU
		{2C4A461F-ED66-4478-9AE5-3C52D75B29FD}.Release|Any CPU.ActiveCfg = Release|Any CPU
		{2C4A461F-ED66-4478-9AE5-3C52D75B29FD}.Release|Any CPU.Build.0 = Release|Any CPU
		{69CC0DB4-16FB-4CFB-8100-06F1168A1F9B}.Debug|Any CPU.ActiveCfg = Debug|Any CPU
		{69CC0DB4-16FB-4CFB-8100-06F1168A1F9B}.Debug|Any CPU.Build.0 = Debug|Any CPU
		{69CC0DB4-16FB-4CFB-8100-06F1168A1F9B}.Release|Any CPU.ActiveCfg = Release|Any CPU
		{69CC0DB4-16FB-4CFB-8100-06F1168A1F9B}.Release|Any CPU.Build.0 = Release|Any CPU
		{9E00BA0E-3DAF-4781-9621-8BC2822AE75C}.Debug|Any CPU.ActiveCfg = Debug|Any CPU
		{9E00BA0E-3DAF-4781-9621-8BC2822AE75C}.Debug|Any CPU.Build.0 = Debug|Any CPU
		{9E00BA0E-3DAF-4781-9621-8BC2822AE75C}.Release|Any CPU.ActiveCfg = Release|Any CPU
		{9E00BA0E-3DAF-4781-9621-8BC2822AE75C}.Release|Any CPU.Build.0 = Release|Any CPU
		{0ABED2E6-E2AB-44B4-B73D-4397FF47E815}.Debug|Any CPU.ActiveCfg = Debug|Any CPU
		{0ABED2E6-E2AB-44B4-B73D-4397FF47E815}.Debug|Any CPU.Build.0 = Debug|Any CPU
		{0ABED2E6-E2AB-44B4-B73D-4397FF47E815}.Release|Any CPU.ActiveCfg = Release|Any CPU
		{0ABED2E6-E2AB-44B4-B73D-4397FF47E815}.Release|Any CPU.Build.0 = Release|Any CPU
		{97A0AA30-CF78-4CDB-9FCE-A0AFD4C1EE05}.Debug|Any CPU.ActiveCfg = Debug|Any CPU
		{97A0AA30-CF78-4CDB-9FCE-A0AFD4C1EE05}.Debug|Any CPU.Build.0 = Debug|Any CPU
		{97A0AA30-CF78-4CDB-9FCE-A0AFD4C1EE05}.Release|Any CPU.ActiveCfg = Release|Any CPU
		{97A0AA30-CF78-4CDB-9FCE-A0AFD4C1EE05}.Release|Any CPU.Build.0 = Release|Any CPU
		{053758CA-E097-4EEA-A544-1B519FE73E0E}.Debug|Any CPU.ActiveCfg = Debug|Any CPU
		{053758CA-E097-4EEA-A544-1B519FE73E0E}.Debug|Any CPU.Build.0 = Debug|Any CPU
		{053758CA-E097-4EEA-A544-1B519FE73E0E}.Release|Any CPU.ActiveCfg = Release|Any CPU
		{053758CA-E097-4EEA-A544-1B519FE73E0E}.Release|Any CPU.Build.0 = Release|Any CPU
		{384097BA-8AB7-48F8-AD0F-C617EA473E9B}.Debug|Any CPU.ActiveCfg = Debug|Any CPU
		{384097BA-8AB7-48F8-AD0F-C617EA473E9B}.Debug|Any CPU.Build.0 = Debug|Any CPU
		{384097BA-8AB7-48F8-AD0F-C617EA473E9B}.Release|Any CPU.ActiveCfg = Release|Any CPU
		{384097BA-8AB7-48F8-AD0F-C617EA473E9B}.Release|Any CPU.Build.0 = Release|Any CPU
		{389556A7-4105-46E6-8295-670AD7DEFEA3}.Debug|Any CPU.ActiveCfg = Debug|Any CPU
		{389556A7-4105-46E6-8295-670AD7DEFEA3}.Debug|Any CPU.Build.0 = Debug|Any CPU
		{389556A7-4105-46E6-8295-670AD7DEFEA3}.Release|Any CPU.ActiveCfg = Release|Any CPU
		{389556A7-4105-46E6-8295-670AD7DEFEA3}.Release|Any CPU.Build.0 = Release|Any CPU
		{6477CC4E-61DB-4DA1-95B0-086A91A5BE8C}.Debug|Any CPU.ActiveCfg = Debug|Any CPU
		{6477CC4E-61DB-4DA1-95B0-086A91A5BE8C}.Debug|Any CPU.Build.0 = Debug|Any CPU
		{6477CC4E-61DB-4DA1-95B0-086A91A5BE8C}.Release|Any CPU.ActiveCfg = Release|Any CPU
		{6477CC4E-61DB-4DA1-95B0-086A91A5BE8C}.Release|Any CPU.Build.0 = Release|Any CPU
		{4B33C339-B4AC-4123-A1BF-E9AF41C7F465}.Debug|Any CPU.ActiveCfg = Debug|Any CPU
		{4B33C339-B4AC-4123-A1BF-E9AF41C7F465}.Debug|Any CPU.Build.0 = Debug|Any CPU
		{4B33C339-B4AC-4123-A1BF-E9AF41C7F465}.Release|Any CPU.ActiveCfg = Release|Any CPU
		{4B33C339-B4AC-4123-A1BF-E9AF41C7F465}.Release|Any CPU.Build.0 = Release|Any CPU
		{AE4AD54C-3FC8-4E64-86A2-2ACBE721F276}.Debug|Any CPU.ActiveCfg = Debug|Any CPU
		{AE4AD54C-3FC8-4E64-86A2-2ACBE721F276}.Debug|Any CPU.Build.0 = Debug|Any CPU
		{AE4AD54C-3FC8-4E64-86A2-2ACBE721F276}.Release|Any CPU.ActiveCfg = Release|Any CPU
		{AE4AD54C-3FC8-4E64-86A2-2ACBE721F276}.Release|Any CPU.Build.0 = Release|Any CPU
		{DAF3C540-EE41-4728-BCCA-90BC9341F13A}.Debug|Any CPU.ActiveCfg = Debug|Any CPU
		{DAF3C540-EE41-4728-BCCA-90BC9341F13A}.Debug|Any CPU.Build.0 = Debug|Any CPU
		{DAF3C540-EE41-4728-BCCA-90BC9341F13A}.Release|Any CPU.ActiveCfg = Release|Any CPU
		{DAF3C540-EE41-4728-BCCA-90BC9341F13A}.Release|Any CPU.Build.0 = Release|Any CPU
		{73236523-F6DC-4622-9511-8859F8FF4B63}.Debug|Any CPU.ActiveCfg = Debug|Any CPU
		{73236523-F6DC-4622-9511-8859F8FF4B63}.Debug|Any CPU.Build.0 = Debug|Any CPU
		{73236523-F6DC-4622-9511-8859F8FF4B63}.Release|Any CPU.ActiveCfg = Release|Any CPU
		{73236523-F6DC-4622-9511-8859F8FF4B63}.Release|Any CPU.Build.0 = Release|Any CPU
		{D6C228E7-AC1B-451D-B575-709C8EC7DB95}.Debug|Any CPU.ActiveCfg = Debug|Any CPU
		{D6C228E7-AC1B-451D-B575-709C8EC7DB95}.Debug|Any CPU.Build.0 = Debug|Any CPU
		{D6C228E7-AC1B-451D-B575-709C8EC7DB95}.Release|Any CPU.ActiveCfg = Release|Any CPU
		{D6C228E7-AC1B-451D-B575-709C8EC7DB95}.Release|Any CPU.Build.0 = Release|Any CPU
		{ECC06C53-C122-4131-BE58-5B3A2DFB406A}.Debug|Any CPU.ActiveCfg = Debug|Any CPU
		{ECC06C53-C122-4131-BE58-5B3A2DFB406A}.Debug|Any CPU.Build.0 = Debug|Any CPU
		{ECC06C53-C122-4131-BE58-5B3A2DFB406A}.Release|Any CPU.ActiveCfg = Release|Any CPU
		{ECC06C53-C122-4131-BE58-5B3A2DFB406A}.Release|Any CPU.Build.0 = Release|Any CPU
		{0B0C11DB-80B5-49D4-BE5C-8823F9D32B6A}.Debug|Any CPU.ActiveCfg = Debug|Any CPU
		{0B0C11DB-80B5-49D4-BE5C-8823F9D32B6A}.Debug|Any CPU.Build.0 = Debug|Any CPU
		{0B0C11DB-80B5-49D4-BE5C-8823F9D32B6A}.Release|Any CPU.ActiveCfg = Release|Any CPU
		{0B0C11DB-80B5-49D4-BE5C-8823F9D32B6A}.Release|Any CPU.Build.0 = Release|Any CPU
		{50479D8A-08C7-41D5-9247-29B49E394A4F}.Debug|Any CPU.ActiveCfg = Debug|Any CPU
		{50479D8A-08C7-41D5-9247-29B49E394A4F}.Debug|Any CPU.Build.0 = Debug|Any CPU
		{50479D8A-08C7-41D5-9247-29B49E394A4F}.Release|Any CPU.ActiveCfg = Release|Any CPU
		{50479D8A-08C7-41D5-9247-29B49E394A4F}.Release|Any CPU.Build.0 = Release|Any CPU
		{77E4E6FF-3307-47EC-9492-F45E11F9B09F}.Debug|Any CPU.ActiveCfg = Debug|Any CPU
		{77E4E6FF-3307-47EC-9492-F45E11F9B09F}.Debug|Any CPU.Build.0 = Debug|Any CPU
		{77E4E6FF-3307-47EC-9492-F45E11F9B09F}.Release|Any CPU.ActiveCfg = Release|Any CPU
		{77E4E6FF-3307-47EC-9492-F45E11F9B09F}.Release|Any CPU.Build.0 = Release|Any CPU
		{1E405677-7EFE-4D13-88FA-A12CE8363D51}.Debug|Any CPU.ActiveCfg = Debug|Any CPU
		{1E405677-7EFE-4D13-88FA-A12CE8363D51}.Debug|Any CPU.Build.0 = Debug|Any CPU
		{1E405677-7EFE-4D13-88FA-A12CE8363D51}.Release|Any CPU.ActiveCfg = Release|Any CPU
		{1E405677-7EFE-4D13-88FA-A12CE8363D51}.Release|Any CPU.Build.0 = Release|Any CPU
		{F84302F9-F29D-4CE5-9C5F-9B106EB86681}.Debug|Any CPU.ActiveCfg = Debug|Any CPU
		{F84302F9-F29D-4CE5-9C5F-9B106EB86681}.Debug|Any CPU.Build.0 = Debug|Any CPU
		{F84302F9-F29D-4CE5-9C5F-9B106EB86681}.Release|Any CPU.ActiveCfg = Release|Any CPU
		{F84302F9-F29D-4CE5-9C5F-9B106EB86681}.Release|Any CPU.Build.0 = Release|Any CPU
		{E7BAACA0-660C-498B-A948-289FECD0BFF5}.Debug|Any CPU.ActiveCfg = Debug|Any CPU
		{E7BAACA0-660C-498B-A948-289FECD0BFF5}.Debug|Any CPU.Build.0 = Debug|Any CPU
		{E7BAACA0-660C-498B-A948-289FECD0BFF5}.Release|Any CPU.ActiveCfg = Release|Any CPU
		{E7BAACA0-660C-498B-A948-289FECD0BFF5}.Release|Any CPU.Build.0 = Release|Any CPU
		{C9D9D9DA-559C-40B8-BCF8-9CCB8E673E81}.Debug|Any CPU.ActiveCfg = Debug|Any CPU
		{C9D9D9DA-559C-40B8-BCF8-9CCB8E673E81}.Debug|Any CPU.Build.0 = Debug|Any CPU
		{C9D9D9DA-559C-40B8-BCF8-9CCB8E673E81}.Release|Any CPU.ActiveCfg = Release|Any CPU
		{C9D9D9DA-559C-40B8-BCF8-9CCB8E673E81}.Release|Any CPU.Build.0 = Release|Any CPU
		{CCB35CB5-DCA3-43B6-A232-26447DC6EBC8}.Debug|Any CPU.ActiveCfg = Debug|Any CPU
		{CCB35CB5-DCA3-43B6-A232-26447DC6EBC8}.Debug|Any CPU.Build.0 = Debug|Any CPU
		{CCB35CB5-DCA3-43B6-A232-26447DC6EBC8}.Release|Any CPU.ActiveCfg = Release|Any CPU
		{CCB35CB5-DCA3-43B6-A232-26447DC6EBC8}.Release|Any CPU.Build.0 = Release|Any CPU
		{E45E1460-AC26-4E5B-9C61-2B69A0D55DFC}.Debug|Any CPU.ActiveCfg = Debug|Any CPU
		{E45E1460-AC26-4E5B-9C61-2B69A0D55DFC}.Debug|Any CPU.Build.0 = Debug|Any CPU
		{E45E1460-AC26-4E5B-9C61-2B69A0D55DFC}.Release|Any CPU.ActiveCfg = Release|Any CPU
		{E45E1460-AC26-4E5B-9C61-2B69A0D55DFC}.Release|Any CPU.Build.0 = Release|Any CPU
		{A8B40442-0C7B-4796-B4D3-D994AE73936C}.Debug|Any CPU.ActiveCfg = Debug|Any CPU
		{A8B40442-0C7B-4796-B4D3-D994AE73936C}.Debug|Any CPU.Build.0 = Debug|Any CPU
		{A8B40442-0C7B-4796-B4D3-D994AE73936C}.Release|Any CPU.ActiveCfg = Release|Any CPU
		{A8B40442-0C7B-4796-B4D3-D994AE73936C}.Release|Any CPU.Build.0 = Release|Any CPU
		{2729425A-633C-4E05-83CB-4D43BD60A3A1}.Debug|Any CPU.ActiveCfg = Debug|Any CPU
		{2729425A-633C-4E05-83CB-4D43BD60A3A1}.Debug|Any CPU.Build.0 = Debug|Any CPU
		{2729425A-633C-4E05-83CB-4D43BD60A3A1}.Release|Any CPU.ActiveCfg = Release|Any CPU
		{2729425A-633C-4E05-83CB-4D43BD60A3A1}.Release|Any CPU.Build.0 = Release|Any CPU
		{102376FD-5416-4BA3-8A5A-B8780F6E745C}.Debug|Any CPU.ActiveCfg = Debug|Any CPU
		{102376FD-5416-4BA3-8A5A-B8780F6E745C}.Debug|Any CPU.Build.0 = Debug|Any CPU
		{102376FD-5416-4BA3-8A5A-B8780F6E745C}.Release|Any CPU.ActiveCfg = Release|Any CPU
		{102376FD-5416-4BA3-8A5A-B8780F6E745C}.Release|Any CPU.Build.0 = Release|Any CPU
		{8412F28B-153A-4DFE-AEED-8BFE94E6BED1}.Debug|Any CPU.ActiveCfg = Debug|Any CPU
		{8412F28B-153A-4DFE-AEED-8BFE94E6BED1}.Debug|Any CPU.Build.0 = Debug|Any CPU
		{8412F28B-153A-4DFE-AEED-8BFE94E6BED1}.Release|Any CPU.ActiveCfg = Release|Any CPU
		{8412F28B-153A-4DFE-AEED-8BFE94E6BED1}.Release|Any CPU.Build.0 = Release|Any CPU
		{F1ED0953-0DFF-48C5-9F94-AE8E6DF41199}.Debug|Any CPU.ActiveCfg = Debug|Any CPU
		{F1ED0953-0DFF-48C5-9F94-AE8E6DF41199}.Debug|Any CPU.Build.0 = Debug|Any CPU
		{F1ED0953-0DFF-48C5-9F94-AE8E6DF41199}.Release|Any CPU.ActiveCfg = Release|Any CPU
		{F1ED0953-0DFF-48C5-9F94-AE8E6DF41199}.Release|Any CPU.Build.0 = Release|Any CPU
		{FD6EC98E-D800-453F-9E4B-8EB8DDF6547E}.Debug|Any CPU.ActiveCfg = Debug|Any CPU
		{FD6EC98E-D800-453F-9E4B-8EB8DDF6547E}.Debug|Any CPU.Build.0 = Debug|Any CPU
		{FD6EC98E-D800-453F-9E4B-8EB8DDF6547E}.Release|Any CPU.ActiveCfg = Release|Any CPU
		{FD6EC98E-D800-453F-9E4B-8EB8DDF6547E}.Release|Any CPU.Build.0 = Release|Any CPU
		{20DD7B77-DB9E-425E-89CD-E97CA9E527E9}.Debug|Any CPU.ActiveCfg = Debug|Any CPU
		{20DD7B77-DB9E-425E-89CD-E97CA9E527E9}.Debug|Any CPU.Build.0 = Debug|Any CPU
		{20DD7B77-DB9E-425E-89CD-E97CA9E527E9}.Release|Any CPU.ActiveCfg = Release|Any CPU
		{20DD7B77-DB9E-425E-89CD-E97CA9E527E9}.Release|Any CPU.Build.0 = Release|Any CPU
		{FA9B133B-10C4-4D61-B40E-D0E0D645912C}.Debug|Any CPU.ActiveCfg = Debug|Any CPU
		{FA9B133B-10C4-4D61-B40E-D0E0D645912C}.Debug|Any CPU.Build.0 = Debug|Any CPU
		{FA9B133B-10C4-4D61-B40E-D0E0D645912C}.Release|Any CPU.ActiveCfg = Release|Any CPU
		{FA9B133B-10C4-4D61-B40E-D0E0D645912C}.Release|Any CPU.Build.0 = Release|Any CPU
		{C17F0276-A5CD-4333-9AF8-08C092B542BA}.Debug|Any CPU.ActiveCfg = Debug|Any CPU
		{C17F0276-A5CD-4333-9AF8-08C092B542BA}.Debug|Any CPU.Build.0 = Debug|Any CPU
		{C17F0276-A5CD-4333-9AF8-08C092B542BA}.Release|Any CPU.ActiveCfg = Release|Any CPU
		{C17F0276-A5CD-4333-9AF8-08C092B542BA}.Release|Any CPU.Build.0 = Release|Any CPU
		{4A2AAAF3-224E-4569-B003-3CEE89F59AD5}.Debug|Any CPU.ActiveCfg = Debug|Any CPU
		{4A2AAAF3-224E-4569-B003-3CEE89F59AD5}.Debug|Any CPU.Build.0 = Debug|Any CPU
		{4A2AAAF3-224E-4569-B003-3CEE89F59AD5}.Release|Any CPU.ActiveCfg = Release|Any CPU
		{4A2AAAF3-224E-4569-B003-3CEE89F59AD5}.Release|Any CPU.Build.0 = Release|Any CPU
		{09461E6C-F0C2-4065-8432-6FE9F5C3BF5E}.Debug|Any CPU.ActiveCfg = Debug|Any CPU
		{09461E6C-F0C2-4065-8432-6FE9F5C3BF5E}.Debug|Any CPU.Build.0 = Debug|Any CPU
		{09461E6C-F0C2-4065-8432-6FE9F5C3BF5E}.Release|Any CPU.ActiveCfg = Release|Any CPU
		{09461E6C-F0C2-4065-8432-6FE9F5C3BF5E}.Release|Any CPU.Build.0 = Release|Any CPU
		{33F5957F-DB71-4CB2-A6CE-172553D05520}.Debug|Any CPU.ActiveCfg = Debug|Any CPU
		{33F5957F-DB71-4CB2-A6CE-172553D05520}.Debug|Any CPU.Build.0 = Debug|Any CPU
		{33F5957F-DB71-4CB2-A6CE-172553D05520}.Release|Any CPU.ActiveCfg = Release|Any CPU
		{33F5957F-DB71-4CB2-A6CE-172553D05520}.Release|Any CPU.Build.0 = Release|Any CPU
		{CCB0AFA0-476B-4D06-A9EF-78835E3A2B48}.Debug|Any CPU.ActiveCfg = Debug|Any CPU
		{CCB0AFA0-476B-4D06-A9EF-78835E3A2B48}.Debug|Any CPU.Build.0 = Debug|Any CPU
		{CCB0AFA0-476B-4D06-A9EF-78835E3A2B48}.Release|Any CPU.ActiveCfg = Release|Any CPU
		{CCB0AFA0-476B-4D06-A9EF-78835E3A2B48}.Release|Any CPU.Build.0 = Release|Any CPU
		{325ED329-CC40-417E-94BF-4A93F0CFF2A9}.Debug|Any CPU.ActiveCfg = Debug|Any CPU
		{325ED329-CC40-417E-94BF-4A93F0CFF2A9}.Debug|Any CPU.Build.0 = Debug|Any CPU
		{325ED329-CC40-417E-94BF-4A93F0CFF2A9}.Release|Any CPU.ActiveCfg = Release|Any CPU
		{325ED329-CC40-417E-94BF-4A93F0CFF2A9}.Release|Any CPU.Build.0 = Release|Any CPU
		{40AD265F-ADA1-4D4C-8940-0BD679571C91}.Debug|Any CPU.ActiveCfg = Debug|Any CPU
		{40AD265F-ADA1-4D4C-8940-0BD679571C91}.Debug|Any CPU.Build.0 = Debug|Any CPU
		{40AD265F-ADA1-4D4C-8940-0BD679571C91}.Release|Any CPU.ActiveCfg = Release|Any CPU
		{40AD265F-ADA1-4D4C-8940-0BD679571C91}.Release|Any CPU.Build.0 = Release|Any CPU
		{5A7D8567-20BC-4582-83EC-B79C7542F1D1}.Debug|Any CPU.ActiveCfg = Debug|Any CPU
		{5A7D8567-20BC-4582-83EC-B79C7542F1D1}.Debug|Any CPU.Build.0 = Debug|Any CPU
		{5A7D8567-20BC-4582-83EC-B79C7542F1D1}.Release|Any CPU.ActiveCfg = Release|Any CPU
		{5A7D8567-20BC-4582-83EC-B79C7542F1D1}.Release|Any CPU.Build.0 = Release|Any CPU
		{6208480B-0B68-4376-A2ED-C3A1CE36DDE9}.Debug|Any CPU.ActiveCfg = Debug|Any CPU
		{6208480B-0B68-4376-A2ED-C3A1CE36DDE9}.Debug|Any CPU.Build.0 = Debug|Any CPU
		{6208480B-0B68-4376-A2ED-C3A1CE36DDE9}.Release|Any CPU.ActiveCfg = Release|Any CPU
		{6208480B-0B68-4376-A2ED-C3A1CE36DDE9}.Release|Any CPU.Build.0 = Release|Any CPU
		{1C575DFC-909B-42C0-9C1E-D606BD34608F}.Debug|Any CPU.ActiveCfg = Debug|Any CPU
		{1C575DFC-909B-42C0-9C1E-D606BD34608F}.Debug|Any CPU.Build.0 = Debug|Any CPU
		{1C575DFC-909B-42C0-9C1E-D606BD34608F}.Release|Any CPU.ActiveCfg = Release|Any CPU
		{1C575DFC-909B-42C0-9C1E-D606BD34608F}.Release|Any CPU.Build.0 = Release|Any CPU
		{0E7621D5-68AD-4150-AE81-1954E99F2A11}.Debug|Any CPU.ActiveCfg = Debug|Any CPU
		{0E7621D5-68AD-4150-AE81-1954E99F2A11}.Debug|Any CPU.Build.0 = Debug|Any CPU
		{0E7621D5-68AD-4150-AE81-1954E99F2A11}.Release|Any CPU.ActiveCfg = Release|Any CPU
		{0E7621D5-68AD-4150-AE81-1954E99F2A11}.Release|Any CPU.Build.0 = Release|Any CPU
		{B6A51B3A-D046-4720-9B7C-D753FDB3AAC5}.Debug|Any CPU.ActiveCfg = Debug|Any CPU
		{B6A51B3A-D046-4720-9B7C-D753FDB3AAC5}.Debug|Any CPU.Build.0 = Debug|Any CPU
		{B6A51B3A-D046-4720-9B7C-D753FDB3AAC5}.Release|Any CPU.ActiveCfg = Release|Any CPU
		{B6A51B3A-D046-4720-9B7C-D753FDB3AAC5}.Release|Any CPU.Build.0 = Release|Any CPU
		{ADC88F4C-6CFF-4142-8D48-29BED80C0804}.Debug|Any CPU.ActiveCfg = Debug|Any CPU
		{ADC88F4C-6CFF-4142-8D48-29BED80C0804}.Debug|Any CPU.Build.0 = Debug|Any CPU
		{ADC88F4C-6CFF-4142-8D48-29BED80C0804}.Release|Any CPU.ActiveCfg = Release|Any CPU
		{ADC88F4C-6CFF-4142-8D48-29BED80C0804}.Release|Any CPU.Build.0 = Release|Any CPU
		{95191CF6-6B67-4D0C-8851-1FE6E0AEF992}.Debug|Any CPU.ActiveCfg = Debug|Any CPU
		{95191CF6-6B67-4D0C-8851-1FE6E0AEF992}.Debug|Any CPU.Build.0 = Debug|Any CPU
		{95191CF6-6B67-4D0C-8851-1FE6E0AEF992}.Release|Any CPU.ActiveCfg = Release|Any CPU
		{95191CF6-6B67-4D0C-8851-1FE6E0AEF992}.Release|Any CPU.Build.0 = Release|Any CPU
		{C51C4378-7CB2-4DBA-8B94-694F4C6F9B89}.Debug|Any CPU.ActiveCfg = Debug|Any CPU
		{C51C4378-7CB2-4DBA-8B94-694F4C6F9B89}.Debug|Any CPU.Build.0 = Debug|Any CPU
		{C51C4378-7CB2-4DBA-8B94-694F4C6F9B89}.Release|Any CPU.ActiveCfg = Release|Any CPU
		{C51C4378-7CB2-4DBA-8B94-694F4C6F9B89}.Release|Any CPU.Build.0 = Release|Any CPU
		{BB6023ED-8F3C-4364-93A5-BD070ABE60D7}.Debug|Any CPU.ActiveCfg = Debug|Any CPU
		{BB6023ED-8F3C-4364-93A5-BD070ABE60D7}.Debug|Any CPU.Build.0 = Debug|Any CPU
		{BB6023ED-8F3C-4364-93A5-BD070ABE60D7}.Release|Any CPU.ActiveCfg = Release|Any CPU
		{BB6023ED-8F3C-4364-93A5-BD070ABE60D7}.Release|Any CPU.Build.0 = Release|Any CPU
		{CC6D95A5-7A51-477B-8B9F-9B13B372F286}.Debug|Any CPU.ActiveCfg = Debug|Any CPU
		{CC6D95A5-7A51-477B-8B9F-9B13B372F286}.Debug|Any CPU.Build.0 = Debug|Any CPU
		{CC6D95A5-7A51-477B-8B9F-9B13B372F286}.Release|Any CPU.ActiveCfg = Release|Any CPU
		{CC6D95A5-7A51-477B-8B9F-9B13B372F286}.Release|Any CPU.Build.0 = Release|Any CPU
		{97D20BFF-51C0-40CB-8CC9-FA7E854F89BB}.Debug|Any CPU.ActiveCfg = Debug|Any CPU
		{97D20BFF-51C0-40CB-8CC9-FA7E854F89BB}.Debug|Any CPU.Build.0 = Debug|Any CPU
		{97D20BFF-51C0-40CB-8CC9-FA7E854F89BB}.Release|Any CPU.ActiveCfg = Release|Any CPU
		{97D20BFF-51C0-40CB-8CC9-FA7E854F89BB}.Release|Any CPU.Build.0 = Release|Any CPU
		{BBDB50B5-1406-4C3A-92F1-7A8494195B7B}.Debug|Any CPU.ActiveCfg = Debug|Any CPU
		{BBDB50B5-1406-4C3A-92F1-7A8494195B7B}.Debug|Any CPU.Build.0 = Debug|Any CPU
		{BBDB50B5-1406-4C3A-92F1-7A8494195B7B}.Release|Any CPU.ActiveCfg = Release|Any CPU
		{BBDB50B5-1406-4C3A-92F1-7A8494195B7B}.Release|Any CPU.Build.0 = Release|Any CPU
		{AF28A51D-1868-427E-9527-1D0AFB47BFA3}.Debug|Any CPU.ActiveCfg = Debug|Any CPU
		{AF28A51D-1868-427E-9527-1D0AFB47BFA3}.Debug|Any CPU.Build.0 = Debug|Any CPU
		{AF28A51D-1868-427E-9527-1D0AFB47BFA3}.Release|Any CPU.ActiveCfg = Release|Any CPU
		{AF28A51D-1868-427E-9527-1D0AFB47BFA3}.Release|Any CPU.Build.0 = Release|Any CPU
		{3A0306D5-2782-4595-ACA7-DBF19080AC40}.Debug|Any CPU.ActiveCfg = Debug|Any CPU
		{3A0306D5-2782-4595-ACA7-DBF19080AC40}.Debug|Any CPU.Build.0 = Debug|Any CPU
		{3A0306D5-2782-4595-ACA7-DBF19080AC40}.Release|Any CPU.ActiveCfg = Release|Any CPU
		{3A0306D5-2782-4595-ACA7-DBF19080AC40}.Release|Any CPU.Build.0 = Release|Any CPU
		{7EAB64E3-7C16-4783-A924-DC2A81CAB75C}.Debug|Any CPU.ActiveCfg = Debug|Any CPU
		{7EAB64E3-7C16-4783-A924-DC2A81CAB75C}.Debug|Any CPU.Build.0 = Debug|Any CPU
		{7EAB64E3-7C16-4783-A924-DC2A81CAB75C}.Release|Any CPU.ActiveCfg = Release|Any CPU
		{7EAB64E3-7C16-4783-A924-DC2A81CAB75C}.Release|Any CPU.Build.0 = Release|Any CPU
		{B91F6791-EDE6-4147-A85D-BB2D1A5BF596}.Debug|Any CPU.ActiveCfg = Debug|Any CPU
		{B91F6791-EDE6-4147-A85D-BB2D1A5BF596}.Debug|Any CPU.Build.0 = Debug|Any CPU
		{B91F6791-EDE6-4147-A85D-BB2D1A5BF596}.Release|Any CPU.ActiveCfg = Release|Any CPU
		{B91F6791-EDE6-4147-A85D-BB2D1A5BF596}.Release|Any CPU.Build.0 = Release|Any CPU
		{A340B431-80EA-4431-990C-A898C018AE4E}.Debug|Any CPU.ActiveCfg = Debug|Any CPU
		{A340B431-80EA-4431-990C-A898C018AE4E}.Debug|Any CPU.Build.0 = Debug|Any CPU
		{A340B431-80EA-4431-990C-A898C018AE4E}.Release|Any CPU.ActiveCfg = Release|Any CPU
		{A340B431-80EA-4431-990C-A898C018AE4E}.Release|Any CPU.Build.0 = Release|Any CPU
		{133B2734-ED17-4125-9A0D-1A5F46BC9DE2}.Debug|Any CPU.ActiveCfg = Debug|Any CPU
		{133B2734-ED17-4125-9A0D-1A5F46BC9DE2}.Debug|Any CPU.Build.0 = Debug|Any CPU
		{133B2734-ED17-4125-9A0D-1A5F46BC9DE2}.Release|Any CPU.ActiveCfg = Release|Any CPU
		{133B2734-ED17-4125-9A0D-1A5F46BC9DE2}.Release|Any CPU.Build.0 = Release|Any CPU
		{7A1E2C14-ACA3-4C3D-A8DB-C313022A4D7A}.Debug|Any CPU.ActiveCfg = Debug|Any CPU
		{7A1E2C14-ACA3-4C3D-A8DB-C313022A4D7A}.Debug|Any CPU.Build.0 = Debug|Any CPU
		{7A1E2C14-ACA3-4C3D-A8DB-C313022A4D7A}.Release|Any CPU.ActiveCfg = Release|Any CPU
		{7A1E2C14-ACA3-4C3D-A8DB-C313022A4D7A}.Release|Any CPU.Build.0 = Release|Any CPU
		{BDA1501F-4D4B-4EFB-8B9C-38ADEE0E461C}.Debug|Any CPU.ActiveCfg = Debug|Any CPU
		{BDA1501F-4D4B-4EFB-8B9C-38ADEE0E461C}.Debug|Any CPU.Build.0 = Debug|Any CPU
		{BDA1501F-4D4B-4EFB-8B9C-38ADEE0E461C}.Release|Any CPU.ActiveCfg = Release|Any CPU
		{BDA1501F-4D4B-4EFB-8B9C-38ADEE0E461C}.Release|Any CPU.Build.0 = Release|Any CPU
		{E3255A41-52E7-4F69-BFFA-B2C8AB23B80A}.Debug|Any CPU.ActiveCfg = Debug|Any CPU
		{E3255A41-52E7-4F69-BFFA-B2C8AB23B80A}.Debug|Any CPU.Build.0 = Debug|Any CPU
		{E3255A41-52E7-4F69-BFFA-B2C8AB23B80A}.Release|Any CPU.ActiveCfg = Release|Any CPU
		{E3255A41-52E7-4F69-BFFA-B2C8AB23B80A}.Release|Any CPU.Build.0 = Release|Any CPU
		{29829A19-B294-43F6-900C-AB1753F03D83}.Debug|Any CPU.ActiveCfg = Debug|Any CPU
		{29829A19-B294-43F6-900C-AB1753F03D83}.Debug|Any CPU.Build.0 = Debug|Any CPU
		{29829A19-B294-43F6-900C-AB1753F03D83}.Release|Any CPU.ActiveCfg = Release|Any CPU
		{29829A19-B294-43F6-900C-AB1753F03D83}.Release|Any CPU.Build.0 = Release|Any CPU
		{EE65194D-0302-4BEC-8905-C488DCA5562E}.Debug|Any CPU.ActiveCfg = Debug|Any CPU
		{EE65194D-0302-4BEC-8905-C488DCA5562E}.Debug|Any CPU.Build.0 = Debug|Any CPU
		{EE65194D-0302-4BEC-8905-C488DCA5562E}.Release|Any CPU.ActiveCfg = Release|Any CPU
		{EE65194D-0302-4BEC-8905-C488DCA5562E}.Release|Any CPU.Build.0 = Release|Any CPU
		{9217DA37-219D-4E20-9B44-0EE59AAEAD8D}.Debug|Any CPU.ActiveCfg = Debug|Any CPU
		{9217DA37-219D-4E20-9B44-0EE59AAEAD8D}.Debug|Any CPU.Build.0 = Debug|Any CPU
		{9217DA37-219D-4E20-9B44-0EE59AAEAD8D}.Release|Any CPU.ActiveCfg = Release|Any CPU
		{9217DA37-219D-4E20-9B44-0EE59AAEAD8D}.Release|Any CPU.Build.0 = Release|Any CPU
		{572F8A36-3BC7-45A5-8283-73666CC346AE}.Debug|Any CPU.ActiveCfg = Debug|Any CPU
		{572F8A36-3BC7-45A5-8283-73666CC346AE}.Debug|Any CPU.Build.0 = Debug|Any CPU
		{572F8A36-3BC7-45A5-8283-73666CC346AE}.Release|Any CPU.ActiveCfg = Release|Any CPU
		{572F8A36-3BC7-45A5-8283-73666CC346AE}.Release|Any CPU.Build.0 = Release|Any CPU
		{B7A8363A-1494-45B7-BF03-D9F4D8594B4F}.Debug|Any CPU.ActiveCfg = Debug|Any CPU
		{B7A8363A-1494-45B7-BF03-D9F4D8594B4F}.Debug|Any CPU.Build.0 = Debug|Any CPU
		{B7A8363A-1494-45B7-BF03-D9F4D8594B4F}.Release|Any CPU.ActiveCfg = Release|Any CPU
		{B7A8363A-1494-45B7-BF03-D9F4D8594B4F}.Release|Any CPU.Build.0 = Release|Any CPU
		{2F1505E8-0FB4-4997-A258-6D6B1EE7FB92}.Debug|Any CPU.ActiveCfg = Debug|Any CPU
		{2F1505E8-0FB4-4997-A258-6D6B1EE7FB92}.Debug|Any CPU.Build.0 = Debug|Any CPU
		{2F1505E8-0FB4-4997-A258-6D6B1EE7FB92}.Release|Any CPU.ActiveCfg = Release|Any CPU
		{2F1505E8-0FB4-4997-A258-6D6B1EE7FB92}.Release|Any CPU.Build.0 = Release|Any CPU
		{35E00F04-5A2D-4CF4-9FE7-510F3C9CFC9E}.Debug|Any CPU.ActiveCfg = Debug|Any CPU
		{35E00F04-5A2D-4CF4-9FE7-510F3C9CFC9E}.Debug|Any CPU.Build.0 = Debug|Any CPU
		{35E00F04-5A2D-4CF4-9FE7-510F3C9CFC9E}.Release|Any CPU.ActiveCfg = Release|Any CPU
		{35E00F04-5A2D-4CF4-9FE7-510F3C9CFC9E}.Release|Any CPU.Build.0 = Release|Any CPU
		{9B56353F-A433-4DB2-8C37-CC37A7207721}.Debug|Any CPU.ActiveCfg = Debug|Any CPU
		{9B56353F-A433-4DB2-8C37-CC37A7207721}.Debug|Any CPU.Build.0 = Debug|Any CPU
		{9B56353F-A433-4DB2-8C37-CC37A7207721}.Release|Any CPU.ActiveCfg = Release|Any CPU
		{9B56353F-A433-4DB2-8C37-CC37A7207721}.Release|Any CPU.Build.0 = Release|Any CPU
		{8F26E3FC-3782-46C7-99A0-0AE9CF9E68F8}.Debug|Any CPU.ActiveCfg = Debug|Any CPU
		{8F26E3FC-3782-46C7-99A0-0AE9CF9E68F8}.Debug|Any CPU.Build.0 = Debug|Any CPU
		{8F26E3FC-3782-46C7-99A0-0AE9CF9E68F8}.Release|Any CPU.ActiveCfg = Release|Any CPU
		{8F26E3FC-3782-46C7-99A0-0AE9CF9E68F8}.Release|Any CPU.Build.0 = Release|Any CPU
		{D12C7C81-CA8D-4EB5-8E1B-9F4A76DAF103}.Debug|Any CPU.ActiveCfg = Debug|Any CPU
		{D12C7C81-CA8D-4EB5-8E1B-9F4A76DAF103}.Debug|Any CPU.Build.0 = Debug|Any CPU
		{D12C7C81-CA8D-4EB5-8E1B-9F4A76DAF103}.Release|Any CPU.ActiveCfg = Release|Any CPU
		{D12C7C81-CA8D-4EB5-8E1B-9F4A76DAF103}.Release|Any CPU.Build.0 = Release|Any CPU
		{695045BA-5934-461F-9551-F5E453F83D59}.Debug|Any CPU.ActiveCfg = Debug|Any CPU
		{695045BA-5934-461F-9551-F5E453F83D59}.Debug|Any CPU.Build.0 = Debug|Any CPU
		{695045BA-5934-461F-9551-F5E453F83D59}.Release|Any CPU.ActiveCfg = Release|Any CPU
		{695045BA-5934-461F-9551-F5E453F83D59}.Release|Any CPU.Build.0 = Release|Any CPU
		{4A6ECB9A-6F0A-4324-8BEB-0C680AD55EAB}.Debug|Any CPU.ActiveCfg = Debug|Any CPU
		{4A6ECB9A-6F0A-4324-8BEB-0C680AD55EAB}.Debug|Any CPU.Build.0 = Debug|Any CPU
		{4A6ECB9A-6F0A-4324-8BEB-0C680AD55EAB}.Release|Any CPU.ActiveCfg = Release|Any CPU
		{4A6ECB9A-6F0A-4324-8BEB-0C680AD55EAB}.Release|Any CPU.Build.0 = Release|Any CPU
		{DD265A2B-F239-49ED-8F51-62E52AF0735E}.Debug|Any CPU.ActiveCfg = Debug|Any CPU
		{DD265A2B-F239-49ED-8F51-62E52AF0735E}.Debug|Any CPU.Build.0 = Debug|Any CPU
		{DD265A2B-F239-49ED-8F51-62E52AF0735E}.Release|Any CPU.ActiveCfg = Release|Any CPU
		{DD265A2B-F239-49ED-8F51-62E52AF0735E}.Release|Any CPU.Build.0 = Release|Any CPU
		{C453A7F5-09F4-4E24-92C8-53D41A5853C5}.Debug|Any CPU.ActiveCfg = Debug|Any CPU
		{C453A7F5-09F4-4E24-92C8-53D41A5853C5}.Debug|Any CPU.Build.0 = Debug|Any CPU
		{C453A7F5-09F4-4E24-92C8-53D41A5853C5}.Release|Any CPU.ActiveCfg = Release|Any CPU
		{C453A7F5-09F4-4E24-92C8-53D41A5853C5}.Release|Any CPU.Build.0 = Release|Any CPU
		{09FBE65C-8668-429C-806D-757F8E3E1451}.Debug|Any CPU.ActiveCfg = Debug|Any CPU
		{09FBE65C-8668-429C-806D-757F8E3E1451}.Debug|Any CPU.Build.0 = Debug|Any CPU
		{09FBE65C-8668-429C-806D-757F8E3E1451}.Release|Any CPU.ActiveCfg = Release|Any CPU
		{09FBE65C-8668-429C-806D-757F8E3E1451}.Release|Any CPU.Build.0 = Release|Any CPU
		{E84C68A4-A07D-4AF2-91EB-BFAC3FCF08A6}.Debug|Any CPU.ActiveCfg = Debug|Any CPU
		{E84C68A4-A07D-4AF2-91EB-BFAC3FCF08A6}.Debug|Any CPU.Build.0 = Debug|Any CPU
		{E84C68A4-A07D-4AF2-91EB-BFAC3FCF08A6}.Release|Any CPU.ActiveCfg = Release|Any CPU
		{E84C68A4-A07D-4AF2-91EB-BFAC3FCF08A6}.Release|Any CPU.Build.0 = Release|Any CPU
		{F83676A9-A688-4193-B75D-F632DC6FF8FD}.Debug|Any CPU.ActiveCfg = Debug|Any CPU
		{F83676A9-A688-4193-B75D-F632DC6FF8FD}.Debug|Any CPU.Build.0 = Debug|Any CPU
		{F83676A9-A688-4193-B75D-F632DC6FF8FD}.Release|Any CPU.ActiveCfg = Release|Any CPU
		{F83676A9-A688-4193-B75D-F632DC6FF8FD}.Release|Any CPU.Build.0 = Release|Any CPU
		{4F467E9A-53C1-498F-8BDE-C46941D69447}.Debug|Any CPU.ActiveCfg = Debug|Any CPU
		{4F467E9A-53C1-498F-8BDE-C46941D69447}.Debug|Any CPU.Build.0 = Debug|Any CPU
		{4F467E9A-53C1-498F-8BDE-C46941D69447}.Release|Any CPU.ActiveCfg = Release|Any CPU
		{4F467E9A-53C1-498F-8BDE-C46941D69447}.Release|Any CPU.Build.0 = Release|Any CPU
		{903EEF1B-ACCD-4D01-8BAD-BCC8679FD289}.Debug|Any CPU.ActiveCfg = Debug|Any CPU
		{903EEF1B-ACCD-4D01-8BAD-BCC8679FD289}.Debug|Any CPU.Build.0 = Debug|Any CPU
		{903EEF1B-ACCD-4D01-8BAD-BCC8679FD289}.Release|Any CPU.ActiveCfg = Release|Any CPU
		{903EEF1B-ACCD-4D01-8BAD-BCC8679FD289}.Release|Any CPU.Build.0 = Release|Any CPU
		{5EFD0967-1018-44FE-AC02-874AF687F21C}.Debug|Any CPU.ActiveCfg = Debug|Any CPU
		{5EFD0967-1018-44FE-AC02-874AF687F21C}.Debug|Any CPU.Build.0 = Debug|Any CPU
		{5EFD0967-1018-44FE-AC02-874AF687F21C}.Release|Any CPU.ActiveCfg = Release|Any CPU
		{5EFD0967-1018-44FE-AC02-874AF687F21C}.Release|Any CPU.Build.0 = Release|Any CPU
		{CA3AE763-ECF5-4D45-9B00-40D4FF3B7EBB}.Debug|Any CPU.ActiveCfg = Debug|Any CPU
		{CA3AE763-ECF5-4D45-9B00-40D4FF3B7EBB}.Debug|Any CPU.Build.0 = Debug|Any CPU
		{CA3AE763-ECF5-4D45-9B00-40D4FF3B7EBB}.Release|Any CPU.ActiveCfg = Release|Any CPU
		{CA3AE763-ECF5-4D45-9B00-40D4FF3B7EBB}.Release|Any CPU.Build.0 = Release|Any CPU
		{8D2AAE93-C7BD-44C3-A76C-7AA3B010634D}.Debug|Any CPU.ActiveCfg = Debug|Any CPU
		{8D2AAE93-C7BD-44C3-A76C-7AA3B010634D}.Debug|Any CPU.Build.0 = Debug|Any CPU
		{8D2AAE93-C7BD-44C3-A76C-7AA3B010634D}.Release|Any CPU.ActiveCfg = Release|Any CPU
		{8D2AAE93-C7BD-44C3-A76C-7AA3B010634D}.Release|Any CPU.Build.0 = Release|Any CPU
		{651055AD-7C4A-43A1-9D6C-951E242221D2}.Debug|Any CPU.ActiveCfg = Debug|Any CPU
		{651055AD-7C4A-43A1-9D6C-951E242221D2}.Debug|Any CPU.Build.0 = Debug|Any CPU
		{651055AD-7C4A-43A1-9D6C-951E242221D2}.Release|Any CPU.ActiveCfg = Release|Any CPU
		{651055AD-7C4A-43A1-9D6C-951E242221D2}.Release|Any CPU.Build.0 = Release|Any CPU
		{F805F8C4-FD3C-4915-B616-50CC06474432}.Debug|Any CPU.ActiveCfg = Debug|Any CPU
		{F805F8C4-FD3C-4915-B616-50CC06474432}.Debug|Any CPU.Build.0 = Debug|Any CPU
		{F805F8C4-FD3C-4915-B616-50CC06474432}.Release|Any CPU.ActiveCfg = Release|Any CPU
		{F805F8C4-FD3C-4915-B616-50CC06474432}.Release|Any CPU.Build.0 = Release|Any CPU
		{7117F698-6BE1-4F13-BD76-EE9B68144325}.Debug|Any CPU.ActiveCfg = Debug|Any CPU
		{7117F698-6BE1-4F13-BD76-EE9B68144325}.Debug|Any CPU.Build.0 = Debug|Any CPU
		{7117F698-6BE1-4F13-BD76-EE9B68144325}.Release|Any CPU.ActiveCfg = Release|Any CPU
		{7117F698-6BE1-4F13-BD76-EE9B68144325}.Release|Any CPU.Build.0 = Release|Any CPU
		{546343B5-B529-4521-931B-180AEA5B011C}.Debug|Any CPU.ActiveCfg = Debug|Any CPU
		{546343B5-B529-4521-931B-180AEA5B011C}.Debug|Any CPU.Build.0 = Debug|Any CPU
		{546343B5-B529-4521-931B-180AEA5B011C}.Release|Any CPU.ActiveCfg = Release|Any CPU
		{546343B5-B529-4521-931B-180AEA5B011C}.Release|Any CPU.Build.0 = Release|Any CPU
	EndGlobalSection
	GlobalSection(SolutionProperties) = preSolution
		HideSolutionNode = FALSE
	EndGlobalSection
EndGlobal
